// !$*UTF8*$!
{
	archiveVersion = 1;
	classes = {
	};
	objectVersion = 55;
	objects = {

/* Begin PBXBuildFile section */
		0D50649028D4C58700020F17 /* ComecoViewController.swift in Sources */ = {isa = PBXBuildFile; fileRef = 0D50648F28D4C58700020F17 /* ComecoViewController.swift */; };
		0D50649228D4C8D400020F17 /* ComecoView.swift in Sources */ = {isa = PBXBuildFile; fileRef = 0D50649128D4C8D400020F17 /* ComecoView.swift */; };
		0D66D52E28CFBD7A00F1A41C /* PesquisarViewController.swift in Sources */ = {isa = PBXBuildFile; fileRef = 0D66D52D28CFBD7A00F1A41C /* PesquisarViewController.swift */; };
		0D66D53028CFBD8A00F1A41C /* ReceitasViewController.swift in Sources */ = {isa = PBXBuildFile; fileRef = 0D66D52F28CFBD8A00F1A41C /* ReceitasViewController.swift */; };
		0D66D53228CFBD9500F1A41C /* ConquistasViewController.swift in Sources */ = {isa = PBXBuildFile; fileRef = 0D66D53128CFBD9500F1A41C /* ConquistasViewController.swift */; };
		0DAD6E0628D906C20021C51E /* PesquisarViewController+DataSource.swift in Sources */ = {isa = PBXBuildFile; fileRef = 0DAD6E0528D906C20021C51E /* PesquisarViewController+DataSource.swift */; };
		0DAD6E0828D907780021C51E /* PesquisarViewController+Delegate.swift in Sources */ = {isa = PBXBuildFile; fileRef = 0DAD6E0728D907780021C51E /* PesquisarViewController+Delegate.swift */; };
		0DB5C28528D21AE300267028 /* ReceitasTableViewCell.swift in Sources */ = {isa = PBXBuildFile; fileRef = 0DB5C28428D21AE300267028 /* ReceitasTableViewCell.swift */; };
		0DB5C28728D21FA100267028 /* ReceitasViewController+DataSource.swift in Sources */ = {isa = PBXBuildFile; fileRef = 0DB5C28628D21FA100267028 /* ReceitasViewController+DataSource.swift */; };
		0DB5C28928D221AC00267028 /* ReceitasViewController+Delegate.swift in Sources */ = {isa = PBXBuildFile; fileRef = 0DB5C28828D221AC00267028 /* ReceitasViewController+Delegate.swift */; };
		0DD453B628D3ACFF00DA32F3 /* ConclusaoViewController.swift in Sources */ = {isa = PBXBuildFile; fileRef = 0DD453B528D3ACFF00DA32F3 /* ConclusaoViewController.swift */; };
		0DD453B828D3AD1500DA32F3 /* ConclusaoView.swift in Sources */ = {isa = PBXBuildFile; fileRef = 0DD453B728D3AD1500DA32F3 /* ConclusaoView.swift */; };
		0DF1FBBF28D0EE0A005EE8D7 /* ReceitasView.swift in Sources */ = {isa = PBXBuildFile; fileRef = 0DF1FBBE28D0EE0A005EE8D7 /* ReceitasView.swift */; };
		0DF1FBC128D0EE41005EE8D7 /* PassoPassoView.swift in Sources */ = {isa = PBXBuildFile; fileRef = 0DF1FBC028D0EE41005EE8D7 /* PassoPassoView.swift */; };
		0DF1FBC528D0EE7E005EE8D7 /* ConquistasView.swift in Sources */ = {isa = PBXBuildFile; fileRef = 0DF1FBC428D0EE7E005EE8D7 /* ConquistasView.swift */; };
		0DF1FBC728D0EED6005EE8D7 /* PesquisarView.swift in Sources */ = {isa = PBXBuildFile; fileRef = 0DF1FBC628D0EED6005EE8D7 /* PesquisarView.swift */; };
		4725FB0B28D8B6F400DC3A16 /* PreviaViewDelegate.swift in Sources */ = {isa = PBXBuildFile; fileRef = 4725FB0A28D8B6F400DC3A16 /* PreviaViewDelegate.swift */; };
		4725FB0D28D8B79B00DC3A16 /* PreviaViewController+Delegate.swift in Sources */ = {isa = PBXBuildFile; fileRef = 4725FB0C28D8B79B00DC3A16 /* PreviaViewController+Delegate.swift */; };
		4725FB0F28D8D0E500DC3A16 /* PassoPassoDelegate.swift in Sources */ = {isa = PBXBuildFile; fileRef = 4725FB0E28D8D0E500DC3A16 /* PassoPassoDelegate.swift */; };
		4725FB1128D8D1CC00DC3A16 /* PassoPassoViewController+PassoPassoDelegate.swift in Sources */ = {isa = PBXBuildFile; fileRef = 4725FB1028D8D1CC00DC3A16 /* PassoPassoViewController+PassoPassoDelegate.swift */; };
		4725FB1328D8F61200DC3A16 /* ButtonDelegate.swift in Sources */ = {isa = PBXBuildFile; fileRef = 4725FB1228D8F61200DC3A16 /* ButtonDelegate.swift */; };
		472B6E4328D1208B00A0D036 /* MP3_MistoQuente_5.mp3 in Resources */ = {isa = PBXBuildFile; fileRef = 472B6E3428D1208B00A0D036 /* MP3_MistoQuente_5.mp3 */; };
		472B6E4428D1208B00A0D036 /* MP3_MistoQuente_7.mp3 in Resources */ = {isa = PBXBuildFile; fileRef = 472B6E3528D1208B00A0D036 /* MP3_MistoQuente_7.mp3 */; };
		472B6E4528D1208B00A0D036 /* MP3_MistoQuente_10.mp3 in Resources */ = {isa = PBXBuildFile; fileRef = 472B6E3628D1208B00A0D036 /* MP3_MistoQuente_10.mp3 */; };
		472B6E4628D1208B00A0D036 /* MP3_MistoQuente_2.mp3 in Resources */ = {isa = PBXBuildFile; fileRef = 472B6E3728D1208B00A0D036 /* MP3_MistoQuente_2.mp3 */; };
		472B6E4728D1208B00A0D036 /* MP3_MistoQuente_8.mp3 in Resources */ = {isa = PBXBuildFile; fileRef = 472B6E3828D1208B00A0D036 /* MP3_MistoQuente_8.mp3 */; };
		472B6E4828D1208B00A0D036 /* MP3_MistoQuente_3.mp3 in Resources */ = {isa = PBXBuildFile; fileRef = 472B6E3928D1208B00A0D036 /* MP3_MistoQuente_3.mp3 */; };
		472B6E4928D1208B00A0D036 /* MP3_MistoQuente_11.mp3 in Resources */ = {isa = PBXBuildFile; fileRef = 472B6E3A28D1208B00A0D036 /* MP3_MistoQuente_11.mp3 */; };
		472B6E4A28D1208B00A0D036 /* MP3_MistoQuente_4.mp3 in Resources */ = {isa = PBXBuildFile; fileRef = 472B6E3B28D1208B00A0D036 /* MP3_MistoQuente_4.mp3 */; };
		472B6E4B28D1208B00A0D036 /* MP3_MistoQuente_6.mp3 in Resources */ = {isa = PBXBuildFile; fileRef = 472B6E3C28D1208B00A0D036 /* MP3_MistoQuente_6.mp3 */; };
		472B6E4C28D1208B00A0D036 /* MP3_MistoQuente_14.mp3 in Resources */ = {isa = PBXBuildFile; fileRef = 472B6E3D28D1208B00A0D036 /* MP3_MistoQuente_14.mp3 */; };
		472B6E4D28D1208B00A0D036 /* MP3_MistoQuente_15.mp3 in Resources */ = {isa = PBXBuildFile; fileRef = 472B6E3E28D1208B00A0D036 /* MP3_MistoQuente_15.mp3 */; };
		472B6E4E28D1208B00A0D036 /* MP3_MistoQuente_1.mp3 in Resources */ = {isa = PBXBuildFile; fileRef = 472B6E3F28D1208B00A0D036 /* MP3_MistoQuente_1.mp3 */; };
		472B6E4F28D1208B00A0D036 /* MP3_MistoQuente_13.mp3 in Resources */ = {isa = PBXBuildFile; fileRef = 472B6E4028D1208B00A0D036 /* MP3_MistoQuente_13.mp3 */; };
		472B6E5028D1208B00A0D036 /* MP3_MistoQuente_12.mp3 in Resources */ = {isa = PBXBuildFile; fileRef = 472B6E4128D1208B00A0D036 /* MP3_MistoQuente_12.mp3 */; };
		472B6E5128D1208B00A0D036 /* MP3_MistoQuente_9.mp3 in Resources */ = {isa = PBXBuildFile; fileRef = 472B6E4228D1208B00A0D036 /* MP3_MistoQuente_9.mp3 */; };
		477E934B28CFB532009E57A8 /* Receita.swift in Sources */ = {isa = PBXBuildFile; fileRef = 477E934A28CFB532009E57A8 /* Receita.swift */; };
		47A10E3828DBA5ED00C05AA5 /* MP3_BananaComNescau_5.mp3 in Resources */ = {isa = PBXBuildFile; fileRef = 47A10E3628DBA5ED00C05AA5 /* MP3_BananaComNescau_5.mp3 */; };
		47A10E3928DBA5ED00C05AA5 /* MP3_BananaComNescau_10.mp3 in Resources */ = {isa = PBXBuildFile; fileRef = 47A10E3728DBA5ED00C05AA5 /* MP3_BananaComNescau_10.mp3 */; };
		47FAFDDE28D23D79004175C1 /* PreviaView.swift in Sources */ = {isa = PBXBuildFile; fileRef = 47FAFDDD28D23D79004175C1 /* PreviaView.swift */; };
		47FAFDE028D23EF9004175C1 /* PreviaViewController.swift in Sources */ = {isa = PBXBuildFile; fileRef = 47FAFDDF28D23EF9004175C1 /* PreviaViewController.swift */; };
		47FAFDE228D244C0004175C1 /* LinhaView.swift in Sources */ = {isa = PBXBuildFile; fileRef = 47FAFDE128D244C0004175C1 /* LinhaView.swift */; };
		8F2391EF28D5F1BD00B75299 /* GanhoConquistasView.swift in Sources */ = {isa = PBXBuildFile; fileRef = 8F2391EE28D5F1BD00B75299 /* GanhoConquistasView.swift */; };
		8F2391F128D5F1D600B75299 /* GanhoConquistasViewController.swift in Sources */ = {isa = PBXBuildFile; fileRef = 8F2391F028D5F1D600B75299 /* GanhoConquistasViewController.swift */; };
		8FD221E728D27640008EB0C4 /* PassoPassoViewController.swift in Sources */ = {isa = PBXBuildFile; fileRef = 8FD221E628D27640008EB0C4 /* PassoPassoViewController.swift */; };
		8FF9F7BE28CFEDB60004A681 /* Receita+Receitas.swift in Sources */ = {isa = PBXBuildFile; fileRef = 8FF9F7BD28CFEDB60004A681 /* Receita+Receitas.swift */; };
		CA67837F28D4BD02006134FF /* ConquistasCollectionViewCell.swift in Sources */ = {isa = PBXBuildFile; fileRef = CA67837E28D4BD02006134FF /* ConquistasCollectionViewCell.swift */; };
		CA67838128D4BD11006134FF /* Conquista.swift in Sources */ = {isa = PBXBuildFile; fileRef = CA67838028D4BD11006134FF /* Conquista.swift */; };
		CA74161928DBB2D2006B83AF /* MP3_BoloDeCaneca_17.mp3 in Resources */ = {isa = PBXBuildFile; fileRef = CA7415FE28DBB2D2006B83AF /* MP3_BoloDeCaneca_17.mp3 */; };
		CA74161A28DBB2D2006B83AF /* MP3_BoloDeCaneca_16.mp3 in Resources */ = {isa = PBXBuildFile; fileRef = CA7415FF28DBB2D2006B83AF /* MP3_BoloDeCaneca_16.mp3 */; };
		CA74161B28DBB2D2006B83AF /* MP3_BoloDeCaneca_4.mp3 in Resources */ = {isa = PBXBuildFile; fileRef = CA74160028DBB2D2006B83AF /* MP3_BoloDeCaneca_4.mp3 */; };
		CA74161C28DBB2D2006B83AF /* MP3_BoloDeCaneca_6.mp3 in Resources */ = {isa = PBXBuildFile; fileRef = CA74160128DBB2D2006B83AF /* MP3_BoloDeCaneca_6.mp3 */; };
		CA74161D28DBB2D2006B83AF /* MP3_BoloDeCaneca_28.mp3 in Resources */ = {isa = PBXBuildFile; fileRef = CA74160228DBB2D2006B83AF /* MP3_BoloDeCaneca_28.mp3 */; };
		CA74161E28DBB2D2006B83AF /* MP3_BoloDeCaneca_14.mp3 in Resources */ = {isa = PBXBuildFile; fileRef = CA74160328DBB2D2006B83AF /* MP3_BoloDeCaneca_14.mp3 */; };
		CA74161F28DBB2D2006B83AF /* MP3_BoloDeCaneca_15.mp3 in Resources */ = {isa = PBXBuildFile; fileRef = CA74160428DBB2D2006B83AF /* MP3_BoloDeCaneca_15.mp3 */; };
		CA74162028DBB2D2006B83AF /* MP3_BoloDeCaneca_7.mp3 in Resources */ = {isa = PBXBuildFile; fileRef = CA74160528DBB2D2006B83AF /* MP3_BoloDeCaneca_7.mp3 */; };
		CA74162128DBB2D2006B83AF /* MP3_BoloDeCaneca_3.mp3 in Resources */ = {isa = PBXBuildFile; fileRef = CA74160628DBB2D2006B83AF /* MP3_BoloDeCaneca_3.mp3 */; };
		CA74162228DBB2D2006B83AF /* MP3_BoloDeCaneca_11.mp3 in Resources */ = {isa = PBXBuildFile; fileRef = CA74160728DBB2D2006B83AF /* MP3_BoloDeCaneca_11.mp3 */; };
		CA74162328DBB2D2006B83AF /* MP3_BoloDeCaneca_10.mp3 in Resources */ = {isa = PBXBuildFile; fileRef = CA74160828DBB2D2006B83AF /* MP3_BoloDeCaneca_10.mp3 */; };
		CA74162428DBB2D2006B83AF /* MP3_BoloDeCaneca_2.mp3 in Resources */ = {isa = PBXBuildFile; fileRef = CA74160928DBB2D2006B83AF /* MP3_BoloDeCaneca_2.mp3 */; };
		CA74162528DBB2D2006B83AF /* MP3_BoloDeCaneca_12.mp3 in Resources */ = {isa = PBXBuildFile; fileRef = CA74160A28DBB2D2006B83AF /* MP3_BoloDeCaneca_12.mp3 */; };
		CA74162628DBB2D2006B83AF /* MP3_BoloDeCaneca_13.mp3 in Resources */ = {isa = PBXBuildFile; fileRef = CA74160B28DBB2D2006B83AF /* MP3_BoloDeCaneca_13.mp3 */; };
		CA74162728DBB2D2006B83AF /* MP3_BoloDeCaneca_1.mp3 in Resources */ = {isa = PBXBuildFile; fileRef = CA74160C28DBB2D2006B83AF /* MP3_BoloDeCaneca_1.mp3 */; };
		CA74162828DBB2D2006B83AF /* MP3_BoloDeCaneca_22.mp3 in Resources */ = {isa = PBXBuildFile; fileRef = CA74160D28DBB2D2006B83AF /* MP3_BoloDeCaneca_22.mp3 */; };
		CA74162928DBB2D2006B83AF /* MP3_BoloDeCaneca_23.mp3 in Resources */ = {isa = PBXBuildFile; fileRef = CA74160E28DBB2D2006B83AF /* MP3_BoloDeCaneca_23.mp3 */; };
		CA74162A28DBB2D2006B83AF /* MP3_BoloDeCaneca_21.mp3 in Resources */ = {isa = PBXBuildFile; fileRef = CA74160F28DBB2D2006B83AF /* MP3_BoloDeCaneca_21.mp3 */; };
		CA74162B28DBB2D2006B83AF /* MP3_BoloDeCaneca_20.mp3 in Resources */ = {isa = PBXBuildFile; fileRef = CA74161028DBB2D2006B83AF /* MP3_BoloDeCaneca_20.mp3 */; };
		CA74162C28DBB2D2006B83AF /* MP3_BoloDeCaneca_24.mp3 in Resources */ = {isa = PBXBuildFile; fileRef = CA74161128DBB2D2006B83AF /* MP3_BoloDeCaneca_24.mp3 */; };
		CA74162D28DBB2D2006B83AF /* MP3_BoloDeCaneca_18.mp3 in Resources */ = {isa = PBXBuildFile; fileRef = CA74161228DBB2D2006B83AF /* MP3_BoloDeCaneca_18.mp3 */; };
		CA74162E28DBB2D2006B83AF /* MP3_BoloDeCaneca_19.mp3 in Resources */ = {isa = PBXBuildFile; fileRef = CA74161328DBB2D2006B83AF /* MP3_BoloDeCaneca_19.mp3 */; };
		CA74162F28DBB2D2006B83AF /* MP3_BoloDeCaneca_25.mp3 in Resources */ = {isa = PBXBuildFile; fileRef = CA74161428DBB2D2006B83AF /* MP3_BoloDeCaneca_25.mp3 */; };
		CA74163028DBB2D2006B83AF /* MP3_BoloDeCaneca_9.mp3 in Resources */ = {isa = PBXBuildFile; fileRef = CA74161528DBB2D2006B83AF /* MP3_BoloDeCaneca_9.mp3 */; };
		CA74163128DBB2D2006B83AF /* MP3_BoloDeCaneca_27.mp3 in Resources */ = {isa = PBXBuildFile; fileRef = CA74161628DBB2D2006B83AF /* MP3_BoloDeCaneca_27.mp3 */; };
		CA74163228DBB2D2006B83AF /* MP3_BoloDeCaneca_26.mp3 in Resources */ = {isa = PBXBuildFile; fileRef = CA74161728DBB2D2006B83AF /* MP3_BoloDeCaneca_26.mp3 */; };
		CA74163328DBB2D2006B83AF /* MP3_BoloDeCaneca_8.mp3 in Resources */ = {isa = PBXBuildFile; fileRef = CA74161828DBB2D2006B83AF /* MP3_BoloDeCaneca_8.mp3 */; };
		CA826B4A28CFC04C00D5268F /* UIView+Preview.swift in Sources */ = {isa = PBXBuildFile; fileRef = CA826B4928CFC04C00D5268F /* UIView+Preview.swift */; };
		CA826B4C28CFC05D00D5268F /* UIViewController+Preview.swift in Sources */ = {isa = PBXBuildFile; fileRef = CA826B4B28CFC05D00D5268F /* UIViewController+Preview.swift */; };
		CA826B4E28CFC52C00D5268F /* TabBarController.swift in Sources */ = {isa = PBXBuildFile; fileRef = CA826B4D28CFC52C00D5268F /* TabBarController.swift */; };
		CAEE6FCA28CFACD1007AA493 /* AppDelegate.swift in Sources */ = {isa = PBXBuildFile; fileRef = CAEE6FC928CFACD1007AA493 /* AppDelegate.swift */; };
		CAEE6FCC28CFACD1007AA493 /* SceneDelegate.swift in Sources */ = {isa = PBXBuildFile; fileRef = CAEE6FCB28CFACD1007AA493 /* SceneDelegate.swift */; };
		CAEE6FD328CFACD2007AA493 /* Assets.xcassets in Resources */ = {isa = PBXBuildFile; fileRef = CAEE6FD228CFACD2007AA493 /* Assets.xcassets */; };
		CAEE6FD628CFACD2007AA493 /* LaunchScreen.storyboard in Resources */ = {isa = PBXBuildFile; fileRef = CAEE6FD428CFACD2007AA493 /* LaunchScreen.storyboard */; };
		D371043428D60021004F138B /* CheckViewController+Delegate.swift in Sources */ = {isa = PBXBuildFile; fileRef = D371043328D60020004F138B /* CheckViewController+Delegate.swift */; };
		D371043628D60044004F138B /* CheckViewController+DataSource.swift in Sources */ = {isa = PBXBuildFile; fileRef = D371043528D60044004F138B /* CheckViewController+DataSource.swift */; };
		D371043828D60164004F138B /* CheckView.swift in Sources */ = {isa = PBXBuildFile; fileRef = D371043728D60164004F138B /* CheckView.swift */; };
		D3AABE1428D23C5D0094400B /* CheckViewController.swift in Sources */ = {isa = PBXBuildFile; fileRef = D3AABE1328D23C5D0094400B /* CheckViewController.swift */; };
		D3AABE1A28D247620094400B /* CheckTableViewCell.swift in Sources */ = {isa = PBXBuildFile; fileRef = D3AABE1928D247620094400B /* CheckTableViewCell.swift */; };
		D3C7D70A28D11AE600B08BA6 /* MP3_BananaComNescau_3.mp3 in Resources */ = {isa = PBXBuildFile; fileRef = D3C7D6FF28D11AE600B08BA6 /* MP3_BananaComNescau_3.mp3 */; };
		D3C7D70B28D11AE600B08BA6 /* MP3_BananaComNescau_1.mp3 in Resources */ = {isa = PBXBuildFile; fileRef = D3C7D70028D11AE600B08BA6 /* MP3_BananaComNescau_1.mp3 */; };
		D3C7D70C28D11AE600B08BA6 /* MP3_BananaComNescau_8.mp3 in Resources */ = {isa = PBXBuildFile; fileRef = D3C7D70128D11AE600B08BA6 /* MP3_BananaComNescau_8.mp3 */; };
		D3C7D70D28D11AE600B08BA6 /* MP3_BananaComNescau_9.mp3 in Resources */ = {isa = PBXBuildFile; fileRef = D3C7D70228D11AE600B08BA6 /* MP3_BananaComNescau_9.mp3 */; };
		D3C7D70F28D11AE600B08BA6 /* MP3_BananaComNescau_11.mp3 in Resources */ = {isa = PBXBuildFile; fileRef = D3C7D70428D11AE600B08BA6 /* MP3_BananaComNescau_11.mp3 */; };
		D3C7D71028D11AE600B08BA6 /* MP3_BananaComNescau_2.mp3 in Resources */ = {isa = PBXBuildFile; fileRef = D3C7D70528D11AE600B08BA6 /* MP3_BananaComNescau_2.mp3 */; };
		D3C7D71128D11AE600B08BA6 /* MP3_BananaComNescau_4.mp3 in Resources */ = {isa = PBXBuildFile; fileRef = D3C7D70628D11AE600B08BA6 /* MP3_BananaComNescau_4.mp3 */; };
		D3C7D71228D11AE600B08BA6 /* MP3_BananaComNescau_6.mp3 in Resources */ = {isa = PBXBuildFile; fileRef = D3C7D70728D11AE600B08BA6 /* MP3_BananaComNescau_6.mp3 */; };
		D3C7D71328D11AE600B08BA6 /* MP3_BananaComNescau_7.mp3 in Resources */ = {isa = PBXBuildFile; fileRef = D3C7D70828D11AE600B08BA6 /* MP3_BananaComNescau_7.mp3 */; };
/* End PBXBuildFile section */

/* Begin PBXFileReference section */
		0D50648F28D4C58700020F17 /* ComecoViewController.swift */ = {isa = PBXFileReference; lastKnownFileType = sourcecode.swift; path = ComecoViewController.swift; sourceTree = "<group>"; };
		0D50649128D4C8D400020F17 /* ComecoView.swift */ = {isa = PBXFileReference; lastKnownFileType = sourcecode.swift; path = ComecoView.swift; sourceTree = "<group>"; };
		0D66D52D28CFBD7A00F1A41C /* PesquisarViewController.swift */ = {isa = PBXFileReference; lastKnownFileType = sourcecode.swift; path = PesquisarViewController.swift; sourceTree = "<group>"; };
		0D66D52F28CFBD8A00F1A41C /* ReceitasViewController.swift */ = {isa = PBXFileReference; lastKnownFileType = sourcecode.swift; path = ReceitasViewController.swift; sourceTree = "<group>"; };
		0D66D53128CFBD9500F1A41C /* ConquistasViewController.swift */ = {isa = PBXFileReference; lastKnownFileType = sourcecode.swift; path = ConquistasViewController.swift; sourceTree = "<group>"; };
		0DAD6E0528D906C20021C51E /* PesquisarViewController+DataSource.swift */ = {isa = PBXFileReference; lastKnownFileType = sourcecode.swift; path = "PesquisarViewController+DataSource.swift"; sourceTree = "<group>"; };
		0DAD6E0728D907780021C51E /* PesquisarViewController+Delegate.swift */ = {isa = PBXFileReference; lastKnownFileType = sourcecode.swift; path = "PesquisarViewController+Delegate.swift"; sourceTree = "<group>"; };
		0DB5C28428D21AE300267028 /* ReceitasTableViewCell.swift */ = {isa = PBXFileReference; lastKnownFileType = sourcecode.swift; path = ReceitasTableViewCell.swift; sourceTree = "<group>"; };
		0DB5C28628D21FA100267028 /* ReceitasViewController+DataSource.swift */ = {isa = PBXFileReference; lastKnownFileType = sourcecode.swift; path = "ReceitasViewController+DataSource.swift"; sourceTree = "<group>"; };
		0DB5C28828D221AC00267028 /* ReceitasViewController+Delegate.swift */ = {isa = PBXFileReference; lastKnownFileType = sourcecode.swift; path = "ReceitasViewController+Delegate.swift"; sourceTree = "<group>"; };
		0DD453B528D3ACFF00DA32F3 /* ConclusaoViewController.swift */ = {isa = PBXFileReference; lastKnownFileType = sourcecode.swift; path = ConclusaoViewController.swift; sourceTree = "<group>"; };
		0DD453B728D3AD1500DA32F3 /* ConclusaoView.swift */ = {isa = PBXFileReference; lastKnownFileType = sourcecode.swift; path = ConclusaoView.swift; sourceTree = "<group>"; };
		0DF1FBBE28D0EE0A005EE8D7 /* ReceitasView.swift */ = {isa = PBXFileReference; lastKnownFileType = sourcecode.swift; path = ReceitasView.swift; sourceTree = "<group>"; };
		0DF1FBC028D0EE41005EE8D7 /* PassoPassoView.swift */ = {isa = PBXFileReference; lastKnownFileType = sourcecode.swift; path = PassoPassoView.swift; sourceTree = "<group>"; };
		0DF1FBC428D0EE7E005EE8D7 /* ConquistasView.swift */ = {isa = PBXFileReference; lastKnownFileType = sourcecode.swift; path = ConquistasView.swift; sourceTree = "<group>"; };
		0DF1FBC628D0EED6005EE8D7 /* PesquisarView.swift */ = {isa = PBXFileReference; lastKnownFileType = sourcecode.swift; path = PesquisarView.swift; sourceTree = "<group>"; };
		4725FB0A28D8B6F400DC3A16 /* PreviaViewDelegate.swift */ = {isa = PBXFileReference; lastKnownFileType = sourcecode.swift; path = PreviaViewDelegate.swift; sourceTree = "<group>"; };
		4725FB0C28D8B79B00DC3A16 /* PreviaViewController+Delegate.swift */ = {isa = PBXFileReference; lastKnownFileType = sourcecode.swift; path = "PreviaViewController+Delegate.swift"; sourceTree = "<group>"; };
		4725FB0E28D8D0E500DC3A16 /* PassoPassoDelegate.swift */ = {isa = PBXFileReference; lastKnownFileType = sourcecode.swift; path = PassoPassoDelegate.swift; sourceTree = "<group>"; };
		4725FB1028D8D1CC00DC3A16 /* PassoPassoViewController+PassoPassoDelegate.swift */ = {isa = PBXFileReference; lastKnownFileType = sourcecode.swift; path = "PassoPassoViewController+PassoPassoDelegate.swift"; sourceTree = "<group>"; };
		4725FB1228D8F61200DC3A16 /* ButtonDelegate.swift */ = {isa = PBXFileReference; lastKnownFileType = sourcecode.swift; path = ButtonDelegate.swift; sourceTree = "<group>"; };
		472B6E3428D1208B00A0D036 /* MP3_MistoQuente_5.mp3 */ = {isa = PBXFileReference; lastKnownFileType = audio.mp3; path = MP3_MistoQuente_5.mp3; sourceTree = "<group>"; };
		472B6E3528D1208B00A0D036 /* MP3_MistoQuente_7.mp3 */ = {isa = PBXFileReference; lastKnownFileType = audio.mp3; path = MP3_MistoQuente_7.mp3; sourceTree = "<group>"; };
		472B6E3628D1208B00A0D036 /* MP3_MistoQuente_10.mp3 */ = {isa = PBXFileReference; lastKnownFileType = audio.mp3; path = MP3_MistoQuente_10.mp3; sourceTree = "<group>"; };
		472B6E3728D1208B00A0D036 /* MP3_MistoQuente_2.mp3 */ = {isa = PBXFileReference; lastKnownFileType = audio.mp3; path = MP3_MistoQuente_2.mp3; sourceTree = "<group>"; };
		472B6E3828D1208B00A0D036 /* MP3_MistoQuente_8.mp3 */ = {isa = PBXFileReference; lastKnownFileType = audio.mp3; path = MP3_MistoQuente_8.mp3; sourceTree = "<group>"; };
		472B6E3928D1208B00A0D036 /* MP3_MistoQuente_3.mp3 */ = {isa = PBXFileReference; lastKnownFileType = audio.mp3; path = MP3_MistoQuente_3.mp3; sourceTree = "<group>"; };
		472B6E3A28D1208B00A0D036 /* MP3_MistoQuente_11.mp3 */ = {isa = PBXFileReference; lastKnownFileType = audio.mp3; path = MP3_MistoQuente_11.mp3; sourceTree = "<group>"; };
		472B6E3B28D1208B00A0D036 /* MP3_MistoQuente_4.mp3 */ = {isa = PBXFileReference; lastKnownFileType = audio.mp3; path = MP3_MistoQuente_4.mp3; sourceTree = "<group>"; };
		472B6E3C28D1208B00A0D036 /* MP3_MistoQuente_6.mp3 */ = {isa = PBXFileReference; lastKnownFileType = audio.mp3; path = MP3_MistoQuente_6.mp3; sourceTree = "<group>"; };
		472B6E3D28D1208B00A0D036 /* MP3_MistoQuente_14.mp3 */ = {isa = PBXFileReference; lastKnownFileType = audio.mp3; path = MP3_MistoQuente_14.mp3; sourceTree = "<group>"; };
		472B6E3E28D1208B00A0D036 /* MP3_MistoQuente_15.mp3 */ = {isa = PBXFileReference; lastKnownFileType = audio.mp3; path = MP3_MistoQuente_15.mp3; sourceTree = "<group>"; };
		472B6E3F28D1208B00A0D036 /* MP3_MistoQuente_1.mp3 */ = {isa = PBXFileReference; lastKnownFileType = audio.mp3; path = MP3_MistoQuente_1.mp3; sourceTree = "<group>"; };
		472B6E4028D1208B00A0D036 /* MP3_MistoQuente_13.mp3 */ = {isa = PBXFileReference; lastKnownFileType = audio.mp3; path = MP3_MistoQuente_13.mp3; sourceTree = "<group>"; };
		472B6E4128D1208B00A0D036 /* MP3_MistoQuente_12.mp3 */ = {isa = PBXFileReference; lastKnownFileType = audio.mp3; path = MP3_MistoQuente_12.mp3; sourceTree = "<group>"; };
		472B6E4228D1208B00A0D036 /* MP3_MistoQuente_9.mp3 */ = {isa = PBXFileReference; lastKnownFileType = audio.mp3; path = MP3_MistoQuente_9.mp3; sourceTree = "<group>"; };
		477E934A28CFB532009E57A8 /* Receita.swift */ = {isa = PBXFileReference; fileEncoding = 4; lastKnownFileType = sourcecode.swift; path = Receita.swift; sourceTree = "<group>"; };
		47A10E3628DBA5ED00C05AA5 /* MP3_BananaComNescau_5.mp3 */ = {isa = PBXFileReference; lastKnownFileType = audio.mp3; path = MP3_BananaComNescau_5.mp3; sourceTree = "<group>"; };
		47A10E3728DBA5ED00C05AA5 /* MP3_BananaComNescau_10.mp3 */ = {isa = PBXFileReference; lastKnownFileType = audio.mp3; path = MP3_BananaComNescau_10.mp3; sourceTree = "<group>"; };
		47FAFDDD28D23D79004175C1 /* PreviaView.swift */ = {isa = PBXFileReference; lastKnownFileType = sourcecode.swift; path = PreviaView.swift; sourceTree = "<group>"; };
		47FAFDDF28D23EF9004175C1 /* PreviaViewController.swift */ = {isa = PBXFileReference; lastKnownFileType = sourcecode.swift; path = PreviaViewController.swift; sourceTree = "<group>"; };
		47FAFDE128D244C0004175C1 /* LinhaView.swift */ = {isa = PBXFileReference; lastKnownFileType = sourcecode.swift; path = LinhaView.swift; sourceTree = "<group>"; };
		8F2391EE28D5F1BD00B75299 /* GanhoConquistasView.swift */ = {isa = PBXFileReference; lastKnownFileType = sourcecode.swift; path = GanhoConquistasView.swift; sourceTree = "<group>"; };
		8F2391F028D5F1D600B75299 /* GanhoConquistasViewController.swift */ = {isa = PBXFileReference; lastKnownFileType = sourcecode.swift; path = GanhoConquistasViewController.swift; sourceTree = "<group>"; };
		8FD221E628D27640008EB0C4 /* PassoPassoViewController.swift */ = {isa = PBXFileReference; lastKnownFileType = sourcecode.swift; path = PassoPassoViewController.swift; sourceTree = "<group>"; };
		8FF9F7BD28CFEDB60004A681 /* Receita+Receitas.swift */ = {isa = PBXFileReference; lastKnownFileType = sourcecode.swift; path = "Receita+Receitas.swift"; sourceTree = "<group>"; };
		CA67837E28D4BD02006134FF /* ConquistasCollectionViewCell.swift */ = {isa = PBXFileReference; fileEncoding = 4; lastKnownFileType = sourcecode.swift; path = ConquistasCollectionViewCell.swift; sourceTree = "<group>"; };
		CA67838028D4BD11006134FF /* Conquista.swift */ = {isa = PBXFileReference; fileEncoding = 4; lastKnownFileType = sourcecode.swift; path = Conquista.swift; sourceTree = "<group>"; };
		CA7415FE28DBB2D2006B83AF /* MP3_BoloDeCaneca_17.mp3 */ = {isa = PBXFileReference; lastKnownFileType = audio.mp3; path = MP3_BoloDeCaneca_17.mp3; sourceTree = "<group>"; };
		CA7415FF28DBB2D2006B83AF /* MP3_BoloDeCaneca_16.mp3 */ = {isa = PBXFileReference; lastKnownFileType = audio.mp3; path = MP3_BoloDeCaneca_16.mp3; sourceTree = "<group>"; };
		CA74160028DBB2D2006B83AF /* MP3_BoloDeCaneca_4.mp3 */ = {isa = PBXFileReference; lastKnownFileType = audio.mp3; path = MP3_BoloDeCaneca_4.mp3; sourceTree = "<group>"; };
		CA74160128DBB2D2006B83AF /* MP3_BoloDeCaneca_6.mp3 */ = {isa = PBXFileReference; lastKnownFileType = audio.mp3; path = MP3_BoloDeCaneca_6.mp3; sourceTree = "<group>"; };
		CA74160228DBB2D2006B83AF /* MP3_BoloDeCaneca_28.mp3 */ = {isa = PBXFileReference; lastKnownFileType = audio.mp3; path = MP3_BoloDeCaneca_28.mp3; sourceTree = "<group>"; };
		CA74160328DBB2D2006B83AF /* MP3_BoloDeCaneca_14.mp3 */ = {isa = PBXFileReference; lastKnownFileType = audio.mp3; path = MP3_BoloDeCaneca_14.mp3; sourceTree = "<group>"; };
		CA74160428DBB2D2006B83AF /* MP3_BoloDeCaneca_15.mp3 */ = {isa = PBXFileReference; lastKnownFileType = audio.mp3; path = MP3_BoloDeCaneca_15.mp3; sourceTree = "<group>"; };
		CA74160528DBB2D2006B83AF /* MP3_BoloDeCaneca_7.mp3 */ = {isa = PBXFileReference; lastKnownFileType = audio.mp3; path = MP3_BoloDeCaneca_7.mp3; sourceTree = "<group>"; };
		CA74160628DBB2D2006B83AF /* MP3_BoloDeCaneca_3.mp3 */ = {isa = PBXFileReference; lastKnownFileType = audio.mp3; path = MP3_BoloDeCaneca_3.mp3; sourceTree = "<group>"; };
		CA74160728DBB2D2006B83AF /* MP3_BoloDeCaneca_11.mp3 */ = {isa = PBXFileReference; lastKnownFileType = audio.mp3; path = MP3_BoloDeCaneca_11.mp3; sourceTree = "<group>"; };
		CA74160828DBB2D2006B83AF /* MP3_BoloDeCaneca_10.mp3 */ = {isa = PBXFileReference; lastKnownFileType = audio.mp3; path = MP3_BoloDeCaneca_10.mp3; sourceTree = "<group>"; };
		CA74160928DBB2D2006B83AF /* MP3_BoloDeCaneca_2.mp3 */ = {isa = PBXFileReference; lastKnownFileType = audio.mp3; path = MP3_BoloDeCaneca_2.mp3; sourceTree = "<group>"; };
		CA74160A28DBB2D2006B83AF /* MP3_BoloDeCaneca_12.mp3 */ = {isa = PBXFileReference; lastKnownFileType = audio.mp3; path = MP3_BoloDeCaneca_12.mp3; sourceTree = "<group>"; };
		CA74160B28DBB2D2006B83AF /* MP3_BoloDeCaneca_13.mp3 */ = {isa = PBXFileReference; lastKnownFileType = audio.mp3; path = MP3_BoloDeCaneca_13.mp3; sourceTree = "<group>"; };
		CA74160C28DBB2D2006B83AF /* MP3_BoloDeCaneca_1.mp3 */ = {isa = PBXFileReference; lastKnownFileType = audio.mp3; path = MP3_BoloDeCaneca_1.mp3; sourceTree = "<group>"; };
		CA74160D28DBB2D2006B83AF /* MP3_BoloDeCaneca_22.mp3 */ = {isa = PBXFileReference; lastKnownFileType = audio.mp3; path = MP3_BoloDeCaneca_22.mp3; sourceTree = "<group>"; };
		CA74160E28DBB2D2006B83AF /* MP3_BoloDeCaneca_23.mp3 */ = {isa = PBXFileReference; lastKnownFileType = audio.mp3; path = MP3_BoloDeCaneca_23.mp3; sourceTree = "<group>"; };
		CA74160F28DBB2D2006B83AF /* MP3_BoloDeCaneca_21.mp3 */ = {isa = PBXFileReference; lastKnownFileType = audio.mp3; path = MP3_BoloDeCaneca_21.mp3; sourceTree = "<group>"; };
		CA74161028DBB2D2006B83AF /* MP3_BoloDeCaneca_20.mp3 */ = {isa = PBXFileReference; lastKnownFileType = audio.mp3; path = MP3_BoloDeCaneca_20.mp3; sourceTree = "<group>"; };
		CA74161128DBB2D2006B83AF /* MP3_BoloDeCaneca_24.mp3 */ = {isa = PBXFileReference; lastKnownFileType = audio.mp3; path = MP3_BoloDeCaneca_24.mp3; sourceTree = "<group>"; };
		CA74161228DBB2D2006B83AF /* MP3_BoloDeCaneca_18.mp3 */ = {isa = PBXFileReference; lastKnownFileType = audio.mp3; path = MP3_BoloDeCaneca_18.mp3; sourceTree = "<group>"; };
		CA74161328DBB2D2006B83AF /* MP3_BoloDeCaneca_19.mp3 */ = {isa = PBXFileReference; lastKnownFileType = audio.mp3; path = MP3_BoloDeCaneca_19.mp3; sourceTree = "<group>"; };
		CA74161428DBB2D2006B83AF /* MP3_BoloDeCaneca_25.mp3 */ = {isa = PBXFileReference; lastKnownFileType = audio.mp3; path = MP3_BoloDeCaneca_25.mp3; sourceTree = "<group>"; };
		CA74161528DBB2D2006B83AF /* MP3_BoloDeCaneca_9.mp3 */ = {isa = PBXFileReference; lastKnownFileType = audio.mp3; path = MP3_BoloDeCaneca_9.mp3; sourceTree = "<group>"; };
		CA74161628DBB2D2006B83AF /* MP3_BoloDeCaneca_27.mp3 */ = {isa = PBXFileReference; lastKnownFileType = audio.mp3; path = MP3_BoloDeCaneca_27.mp3; sourceTree = "<group>"; };
		CA74161728DBB2D2006B83AF /* MP3_BoloDeCaneca_26.mp3 */ = {isa = PBXFileReference; lastKnownFileType = audio.mp3; path = MP3_BoloDeCaneca_26.mp3; sourceTree = "<group>"; };
		CA74161828DBB2D2006B83AF /* MP3_BoloDeCaneca_8.mp3 */ = {isa = PBXFileReference; lastKnownFileType = audio.mp3; path = MP3_BoloDeCaneca_8.mp3; sourceTree = "<group>"; };
		CA826B4928CFC04C00D5268F /* UIView+Preview.swift */ = {isa = PBXFileReference; fileEncoding = 4; lastKnownFileType = sourcecode.swift; path = "UIView+Preview.swift"; sourceTree = "<group>"; };
		CA826B4B28CFC05D00D5268F /* UIViewController+Preview.swift */ = {isa = PBXFileReference; fileEncoding = 4; lastKnownFileType = sourcecode.swift; path = "UIViewController+Preview.swift"; sourceTree = "<group>"; };
		CA826B4D28CFC52C00D5268F /* TabBarController.swift */ = {isa = PBXFileReference; lastKnownFileType = sourcecode.swift; path = TabBarController.swift; sourceTree = "<group>"; };
		CAEE6FC628CFACD1007AA493 /* Receitinha.app */ = {isa = PBXFileReference; explicitFileType = wrapper.application; includeInIndex = 0; path = Receitinha.app; sourceTree = BUILT_PRODUCTS_DIR; };
		CAEE6FC928CFACD1007AA493 /* AppDelegate.swift */ = {isa = PBXFileReference; lastKnownFileType = sourcecode.swift; path = AppDelegate.swift; sourceTree = "<group>"; };
		CAEE6FCB28CFACD1007AA493 /* SceneDelegate.swift */ = {isa = PBXFileReference; lastKnownFileType = sourcecode.swift; path = SceneDelegate.swift; sourceTree = "<group>"; };
		CAEE6FD228CFACD2007AA493 /* Assets.xcassets */ = {isa = PBXFileReference; lastKnownFileType = folder.assetcatalog; path = Assets.xcassets; sourceTree = "<group>"; };
		CAEE6FD528CFACD2007AA493 /* Base */ = {isa = PBXFileReference; lastKnownFileType = file.storyboard; name = Base; path = Base.lproj/LaunchScreen.storyboard; sourceTree = "<group>"; };
		CAEE6FD728CFACD2007AA493 /* Info.plist */ = {isa = PBXFileReference; lastKnownFileType = text.plist.xml; path = Info.plist; sourceTree = "<group>"; };
		D371043328D60020004F138B /* CheckViewController+Delegate.swift */ = {isa = PBXFileReference; lastKnownFileType = sourcecode.swift; path = "CheckViewController+Delegate.swift"; sourceTree = "<group>"; };
		D371043528D60044004F138B /* CheckViewController+DataSource.swift */ = {isa = PBXFileReference; lastKnownFileType = sourcecode.swift; path = "CheckViewController+DataSource.swift"; sourceTree = "<group>"; };
		D371043728D60164004F138B /* CheckView.swift */ = {isa = PBXFileReference; lastKnownFileType = sourcecode.swift; path = CheckView.swift; sourceTree = "<group>"; };
		D3AABE1328D23C5D0094400B /* CheckViewController.swift */ = {isa = PBXFileReference; lastKnownFileType = sourcecode.swift; path = CheckViewController.swift; sourceTree = "<group>"; };
		D3AABE1928D247620094400B /* CheckTableViewCell.swift */ = {isa = PBXFileReference; lastKnownFileType = sourcecode.swift; path = CheckTableViewCell.swift; sourceTree = "<group>"; };
		D3C7D6FF28D11AE600B08BA6 /* MP3_BananaComNescau_3.mp3 */ = {isa = PBXFileReference; lastKnownFileType = audio.mp3; path = MP3_BananaComNescau_3.mp3; sourceTree = "<group>"; };
		D3C7D70028D11AE600B08BA6 /* MP3_BananaComNescau_1.mp3 */ = {isa = PBXFileReference; lastKnownFileType = audio.mp3; path = MP3_BananaComNescau_1.mp3; sourceTree = "<group>"; };
		D3C7D70128D11AE600B08BA6 /* MP3_BananaComNescau_8.mp3 */ = {isa = PBXFileReference; lastKnownFileType = audio.mp3; path = MP3_BananaComNescau_8.mp3; sourceTree = "<group>"; };
		D3C7D70228D11AE600B08BA6 /* MP3_BananaComNescau_9.mp3 */ = {isa = PBXFileReference; lastKnownFileType = audio.mp3; path = MP3_BananaComNescau_9.mp3; sourceTree = "<group>"; };
		D3C7D70428D11AE600B08BA6 /* MP3_BananaComNescau_11.mp3 */ = {isa = PBXFileReference; lastKnownFileType = audio.mp3; path = MP3_BananaComNescau_11.mp3; sourceTree = "<group>"; };
		D3C7D70528D11AE600B08BA6 /* MP3_BananaComNescau_2.mp3 */ = {isa = PBXFileReference; lastKnownFileType = audio.mp3; path = MP3_BananaComNescau_2.mp3; sourceTree = "<group>"; };
		D3C7D70628D11AE600B08BA6 /* MP3_BananaComNescau_4.mp3 */ = {isa = PBXFileReference; lastKnownFileType = audio.mp3; path = MP3_BananaComNescau_4.mp3; sourceTree = "<group>"; };
		D3C7D70728D11AE600B08BA6 /* MP3_BananaComNescau_6.mp3 */ = {isa = PBXFileReference; lastKnownFileType = audio.mp3; path = MP3_BananaComNescau_6.mp3; sourceTree = "<group>"; };
		D3C7D70828D11AE600B08BA6 /* MP3_BananaComNescau_7.mp3 */ = {isa = PBXFileReference; lastKnownFileType = audio.mp3; path = MP3_BananaComNescau_7.mp3; sourceTree = "<group>"; };
/* End PBXFileReference section */

/* Begin PBXFrameworksBuildPhase section */
		CAEE6FC328CFACD1007AA493 /* Frameworks */ = {
			isa = PBXFrameworksBuildPhase;
			buildActionMask = 2147483647;
			files = (
			);
			runOnlyForDeploymentPostprocessing = 0;
		};
/* End PBXFrameworksBuildPhase section */

/* Begin PBXGroup section */
		0D66D52928CFBCED00F1A41C /* View */ = {
			isa = PBXGroup;
			children = (
				CAEE6FD428CFACD2007AA493 /* LaunchScreen.storyboard */,
				D371043728D60164004F138B /* CheckView.swift */,
				4725FB1228D8F61200DC3A16 /* ButtonDelegate.swift */,
				0DF1FBBE28D0EE0A005EE8D7 /* ReceitasView.swift */,
				D3AABE1928D247620094400B /* CheckTableViewCell.swift */,
				0DF1FBC028D0EE41005EE8D7 /* PassoPassoView.swift */,
				4725FB0E28D8D0E500DC3A16 /* PassoPassoDelegate.swift */,
				CA67837E28D4BD02006134FF /* ConquistasCollectionViewCell.swift */,
				0DF1FBC428D0EE7E005EE8D7 /* ConquistasView.swift */,
				0DF1FBC628D0EED6005EE8D7 /* PesquisarView.swift */,
				0DB5C28428D21AE300267028 /* ReceitasTableViewCell.swift */,
				0DD453B728D3AD1500DA32F3 /* ConclusaoView.swift */,
				0D50649128D4C8D400020F17 /* ComecoView.swift */,
				8F2391EE28D5F1BD00B75299 /* GanhoConquistasView.swift */,
				47FAFDDD28D23D79004175C1 /* PreviaView.swift */,
				4725FB0A28D8B6F400DC3A16 /* PreviaViewDelegate.swift */,
				47FAFDE128D244C0004175C1 /* LinhaView.swift */,
			);
			path = View;
			sourceTree = "<group>";
		};
		0D66D52A28CFBCFB00F1A41C /* Supporting Files */ = {
			isa = PBXGroup;
			children = (
				CAEE6FD728CFACD2007AA493 /* Info.plist */,
				CAEE6FD228CFACD2007AA493 /* Assets.xcassets */,
				CA826B4928CFC04C00D5268F /* UIView+Preview.swift */,
				CA826B4B28CFC05D00D5268F /* UIViewController+Preview.swift */,
			);
			name = "Supporting Files";
			sourceTree = "<group>";
		};
		0D66D52B28CFBD3300F1A41C /* Model */ = {
			isa = PBXGroup;
			children = (
				CA67838028D4BD11006134FF /* Conquista.swift */,
				477E934A28CFB532009E57A8 /* Receita.swift */,
				8FF9F7BD28CFEDB60004A681 /* Receita+Receitas.swift */,
			);
			path = Model;
			sourceTree = "<group>";
		};
		0D66D52C28CFBD3B00F1A41C /* Controllers */ = {
			isa = PBXGroup;
			children = (
				CA826B4D28CFC52C00D5268F /* TabBarController.swift */,
				0D66D52D28CFBD7A00F1A41C /* PesquisarViewController.swift */,
				0DAD6E0528D906C20021C51E /* PesquisarViewController+DataSource.swift */,
				0DAD6E0728D907780021C51E /* PesquisarViewController+Delegate.swift */,
				0D66D52F28CFBD8A00F1A41C /* ReceitasViewController.swift */,
				0D66D53128CFBD9500F1A41C /* ConquistasViewController.swift */,
				0DB5C28628D21FA100267028 /* ReceitasViewController+DataSource.swift */,
				0DB5C28828D221AC00267028 /* ReceitasViewController+Delegate.swift */,
				0DD453B528D3ACFF00DA32F3 /* ConclusaoViewController.swift */,
				0D50648F28D4C58700020F17 /* ComecoViewController.swift */,
				8FD221E628D27640008EB0C4 /* PassoPassoViewController.swift */,
				4725FB1028D8D1CC00DC3A16 /* PassoPassoViewController+PassoPassoDelegate.swift */,
				8F2391F028D5F1D600B75299 /* GanhoConquistasViewController.swift */,
				47FAFDDF28D23EF9004175C1 /* PreviaViewController.swift */,
				4725FB0C28D8B79B00DC3A16 /* PreviaViewController+Delegate.swift */,
				D3AABE1328D23C5D0094400B /* CheckViewController.swift */,
				D371043328D60020004F138B /* CheckViewController+Delegate.swift */,
				D371043528D60044004F138B /* CheckViewController+DataSource.swift */,
			);
			path = Controllers;
			sourceTree = "<group>";
		};
		0DD453B928D3FC2400DA32F3 /* MistoQuente */ = {
			isa = PBXGroup;
			children = (
				472B6E3F28D1208B00A0D036 /* MP3_MistoQuente_1.mp3 */,
				472B6E3728D1208B00A0D036 /* MP3_MistoQuente_2.mp3 */,
				472B6E3928D1208B00A0D036 /* MP3_MistoQuente_3.mp3 */,
				472B6E3B28D1208B00A0D036 /* MP3_MistoQuente_4.mp3 */,
				472B6E3428D1208B00A0D036 /* MP3_MistoQuente_5.mp3 */,
				472B6E3C28D1208B00A0D036 /* MP3_MistoQuente_6.mp3 */,
				472B6E3528D1208B00A0D036 /* MP3_MistoQuente_7.mp3 */,
				472B6E3828D1208B00A0D036 /* MP3_MistoQuente_8.mp3 */,
				472B6E4228D1208B00A0D036 /* MP3_MistoQuente_9.mp3 */,
				472B6E3628D1208B00A0D036 /* MP3_MistoQuente_10.mp3 */,
				472B6E3A28D1208B00A0D036 /* MP3_MistoQuente_11.mp3 */,
				472B6E4128D1208B00A0D036 /* MP3_MistoQuente_12.mp3 */,
				472B6E4028D1208B00A0D036 /* MP3_MistoQuente_13.mp3 */,
				472B6E3D28D1208B00A0D036 /* MP3_MistoQuente_14.mp3 */,
				472B6E3E28D1208B00A0D036 /* MP3_MistoQuente_15.mp3 */,
			);
			path = MistoQuente;
			sourceTree = "<group>";
		};
		0DD453BA28D3FC4B00DA32F3 /* BananaComNescau */ = {
			isa = PBXGroup;
			children = (
				D3C7D70028D11AE600B08BA6 /* MP3_BananaComNescau_1.mp3 */,
				D3C7D70528D11AE600B08BA6 /* MP3_BananaComNescau_2.mp3 */,
				D3C7D6FF28D11AE600B08BA6 /* MP3_BananaComNescau_3.mp3 */,
				D3C7D70628D11AE600B08BA6 /* MP3_BananaComNescau_4.mp3 */,
				47A10E3628DBA5ED00C05AA5 /* MP3_BananaComNescau_5.mp3 */,
				D3C7D70728D11AE600B08BA6 /* MP3_BananaComNescau_6.mp3 */,
				D3C7D70828D11AE600B08BA6 /* MP3_BananaComNescau_7.mp3 */,
				D3C7D70128D11AE600B08BA6 /* MP3_BananaComNescau_8.mp3 */,
				D3C7D70228D11AE600B08BA6 /* MP3_BananaComNescau_9.mp3 */,
				47A10E3728DBA5ED00C05AA5 /* MP3_BananaComNescau_10.mp3 */,
				D3C7D70428D11AE600B08BA6 /* MP3_BananaComNescau_11.mp3 */,
			);
			path = BananaComNescau;
			sourceTree = "<group>";
		};
		0DD453BB28D3FC5D00DA32F3 /* Audios */ = {
			isa = PBXGroup;
			children = (
				CA7415FD28DBB2D2006B83AF /* BoloDeCaneca */,
				0DD453B928D3FC2400DA32F3 /* MistoQuente */,
				0DD453BA28D3FC4B00DA32F3 /* BananaComNescau */,
			);
			path = Audios;
			sourceTree = "<group>";
		};
		CA7415FD28DBB2D2006B83AF /* BoloDeCaneca */ = {
			isa = PBXGroup;
			children = (
				CA7415FE28DBB2D2006B83AF /* MP3_BoloDeCaneca_17.mp3 */,
				CA7415FF28DBB2D2006B83AF /* MP3_BoloDeCaneca_16.mp3 */,
				CA74160028DBB2D2006B83AF /* MP3_BoloDeCaneca_4.mp3 */,
				CA74160128DBB2D2006B83AF /* MP3_BoloDeCaneca_6.mp3 */,
				CA74160228DBB2D2006B83AF /* MP3_BoloDeCaneca_28.mp3 */,
				CA74160328DBB2D2006B83AF /* MP3_BoloDeCaneca_14.mp3 */,
				CA74160428DBB2D2006B83AF /* MP3_BoloDeCaneca_15.mp3 */,
				CA74160528DBB2D2006B83AF /* MP3_BoloDeCaneca_7.mp3 */,
				CA74160628DBB2D2006B83AF /* MP3_BoloDeCaneca_3.mp3 */,
				CA74160728DBB2D2006B83AF /* MP3_BoloDeCaneca_11.mp3 */,
				CA74160828DBB2D2006B83AF /* MP3_BoloDeCaneca_10.mp3 */,
				CA74160928DBB2D2006B83AF /* MP3_BoloDeCaneca_2.mp3 */,
				CA74160A28DBB2D2006B83AF /* MP3_BoloDeCaneca_12.mp3 */,
				CA74160B28DBB2D2006B83AF /* MP3_BoloDeCaneca_13.mp3 */,
				CA74160C28DBB2D2006B83AF /* MP3_BoloDeCaneca_1.mp3 */,
				CA74160D28DBB2D2006B83AF /* MP3_BoloDeCaneca_22.mp3 */,
				CA74160E28DBB2D2006B83AF /* MP3_BoloDeCaneca_23.mp3 */,
				CA74160F28DBB2D2006B83AF /* MP3_BoloDeCaneca_21.mp3 */,
				CA74161028DBB2D2006B83AF /* MP3_BoloDeCaneca_20.mp3 */,
				CA74161128DBB2D2006B83AF /* MP3_BoloDeCaneca_24.mp3 */,
				CA74161228DBB2D2006B83AF /* MP3_BoloDeCaneca_18.mp3 */,
				CA74161328DBB2D2006B83AF /* MP3_BoloDeCaneca_19.mp3 */,
				CA74161428DBB2D2006B83AF /* MP3_BoloDeCaneca_25.mp3 */,
				CA74161528DBB2D2006B83AF /* MP3_BoloDeCaneca_9.mp3 */,
				CA74161628DBB2D2006B83AF /* MP3_BoloDeCaneca_27.mp3 */,
				CA74161728DBB2D2006B83AF /* MP3_BoloDeCaneca_26.mp3 */,
				CA74161828DBB2D2006B83AF /* MP3_BoloDeCaneca_8.mp3 */,
			);
			path = BoloDeCaneca;
			sourceTree = "<group>";
		};
		CAEE6FBD28CFACD1007AA493 = {
			isa = PBXGroup;
			children = (
				0DD453BB28D3FC5D00DA32F3 /* Audios */,
				CAEE6FC828CFACD1007AA493 /* Receitinha */,
				CAEE6FC728CFACD1007AA493 /* Products */,
			);
			sourceTree = "<group>";
		};
		CAEE6FC728CFACD1007AA493 /* Products */ = {
			isa = PBXGroup;
			children = (
				CAEE6FC628CFACD1007AA493 /* Receitinha.app */,
			);
			name = Products;
			sourceTree = "<group>";
		};
		CAEE6FC828CFACD1007AA493 /* Receitinha */ = {
			isa = PBXGroup;
			children = (
				CAEE6FC928CFACD1007AA493 /* AppDelegate.swift */,
				CAEE6FCB28CFACD1007AA493 /* SceneDelegate.swift */,
				0D66D52C28CFBD3B00F1A41C /* Controllers */,
				0D66D52B28CFBD3300F1A41C /* Model */,
				0D66D52928CFBCED00F1A41C /* View */,
				0D66D52A28CFBCFB00F1A41C /* Supporting Files */,
			);
			path = Receitinha;
			sourceTree = "<group>";
		};
/* End PBXGroup section */

/* Begin PBXNativeTarget section */
		CAEE6FC528CFACD1007AA493 /* Receitinha */ = {
			isa = PBXNativeTarget;
			buildConfigurationList = CAEE6FDA28CFACD2007AA493 /* Build configuration list for PBXNativeTarget "Receitinha" */;
			buildPhases = (
				CAEE6FC228CFACD1007AA493 /* Sources */,
				CAEE6FC328CFACD1007AA493 /* Frameworks */,
				CAEE6FC428CFACD1007AA493 /* Resources */,
			);
			buildRules = (
			);
			dependencies = (
			);
			name = Receitinha;
			productName = Receitinha;
			productReference = CAEE6FC628CFACD1007AA493 /* Receitinha.app */;
			productType = "com.apple.product-type.application";
		};
/* End PBXNativeTarget section */

/* Begin PBXProject section */
		CAEE6FBE28CFACD1007AA493 /* Project object */ = {
			isa = PBXProject;
			attributes = {
				BuildIndependentTargetsInParallel = 1;
				LastSwiftUpdateCheck = 1340;
				LastUpgradeCheck = 1340;
				TargetAttributes = {
					CAEE6FC528CFACD1007AA493 = {
						CreatedOnToolsVersion = 13.4.1;
					};
				};
			};
			buildConfigurationList = CAEE6FC128CFACD1007AA493 /* Build configuration list for PBXProject "Receitinha" */;
			compatibilityVersion = "Xcode 13.0";
			developmentRegion = en;
			hasScannedForEncodings = 0;
			knownRegions = (
				en,
				Base,
			);
			mainGroup = CAEE6FBD28CFACD1007AA493;
			productRefGroup = CAEE6FC728CFACD1007AA493 /* Products */;
			projectDirPath = "";
			projectRoot = "";
			targets = (
				CAEE6FC528CFACD1007AA493 /* Receitinha */,
			);
		};
/* End PBXProject section */

/* Begin PBXResourcesBuildPhase section */
		CAEE6FC428CFACD1007AA493 /* Resources */ = {
			isa = PBXResourcesBuildPhase;
			buildActionMask = 2147483647;
			files = (
				D3C7D70C28D11AE600B08BA6 /* MP3_BananaComNescau_8.mp3 in Resources */,
				CA74162928DBB2D2006B83AF /* MP3_BoloDeCaneca_23.mp3 in Resources */,
				CA74162628DBB2D2006B83AF /* MP3_BoloDeCaneca_13.mp3 in Resources */,
				472B6E4528D1208B00A0D036 /* MP3_MistoQuente_10.mp3 in Resources */,
				D3C7D70D28D11AE600B08BA6 /* MP3_BananaComNescau_9.mp3 in Resources */,
				472B6E4328D1208B00A0D036 /* MP3_MistoQuente_5.mp3 in Resources */,
				CA74162128DBB2D2006B83AF /* MP3_BoloDeCaneca_3.mp3 in Resources */,
				CA74162E28DBB2D2006B83AF /* MP3_BoloDeCaneca_19.mp3 in Resources */,
				CA74161D28DBB2D2006B83AF /* MP3_BoloDeCaneca_28.mp3 in Resources */,
				CA74162828DBB2D2006B83AF /* MP3_BoloDeCaneca_22.mp3 in Resources */,
				472B6E5128D1208B00A0D036 /* MP3_MistoQuente_9.mp3 in Resources */,
				472B6E5028D1208B00A0D036 /* MP3_MistoQuente_12.mp3 in Resources */,
				CAEE6FD628CFACD2007AA493 /* LaunchScreen.storyboard in Resources */,
				472B6E4F28D1208B00A0D036 /* MP3_MistoQuente_13.mp3 in Resources */,
				CA74161C28DBB2D2006B83AF /* MP3_BoloDeCaneca_6.mp3 in Resources */,
				CA74161928DBB2D2006B83AF /* MP3_BoloDeCaneca_17.mp3 in Resources */,
				CA74162428DBB2D2006B83AF /* MP3_BoloDeCaneca_2.mp3 in Resources */,
				CA74163328DBB2D2006B83AF /* MP3_BoloDeCaneca_8.mp3 in Resources */,
				D3C7D71028D11AE600B08BA6 /* MP3_BananaComNescau_2.mp3 in Resources */,
				CA74161A28DBB2D2006B83AF /* MP3_BoloDeCaneca_16.mp3 in Resources */,
				CA74163128DBB2D2006B83AF /* MP3_BoloDeCaneca_27.mp3 in Resources */,
				472B6E4428D1208B00A0D036 /* MP3_MistoQuente_7.mp3 in Resources */,
				47A10E3928DBA5ED00C05AA5 /* MP3_BananaComNescau_10.mp3 in Resources */,
				D3C7D70B28D11AE600B08BA6 /* MP3_BananaComNescau_1.mp3 in Resources */,
				CA74162528DBB2D2006B83AF /* MP3_BoloDeCaneca_12.mp3 in Resources */,
				472B6E4B28D1208B00A0D036 /* MP3_MistoQuente_6.mp3 in Resources */,
				D3C7D71228D11AE600B08BA6 /* MP3_BananaComNescau_6.mp3 in Resources */,
				47A10E3828DBA5ED00C05AA5 /* MP3_BananaComNescau_5.mp3 in Resources */,
				CA74162C28DBB2D2006B83AF /* MP3_BoloDeCaneca_24.mp3 in Resources */,
				CA74163028DBB2D2006B83AF /* MP3_BoloDeCaneca_9.mp3 in Resources */,
				CA74161B28DBB2D2006B83AF /* MP3_BoloDeCaneca_4.mp3 in Resources */,
				CA74162F28DBB2D2006B83AF /* MP3_BoloDeCaneca_25.mp3 in Resources */,
				D3C7D71328D11AE600B08BA6 /* MP3_BananaComNescau_7.mp3 in Resources */,
				CA74162028DBB2D2006B83AF /* MP3_BoloDeCaneca_7.mp3 in Resources */,
				CA74161F28DBB2D2006B83AF /* MP3_BoloDeCaneca_15.mp3 in Resources */,
				D3C7D70A28D11AE600B08BA6 /* MP3_BananaComNescau_3.mp3 in Resources */,
				CA74162728DBB2D2006B83AF /* MP3_BoloDeCaneca_1.mp3 in Resources */,
				472B6E4A28D1208B00A0D036 /* MP3_MistoQuente_4.mp3 in Resources */,
				CA74163228DBB2D2006B83AF /* MP3_BoloDeCaneca_26.mp3 in Resources */,
				472B6E4828D1208B00A0D036 /* MP3_MistoQuente_3.mp3 in Resources */,
				CA74162228DBB2D2006B83AF /* MP3_BoloDeCaneca_11.mp3 in Resources */,
				CA74162B28DBB2D2006B83AF /* MP3_BoloDeCaneca_20.mp3 in Resources */,
				CA74161E28DBB2D2006B83AF /* MP3_BoloDeCaneca_14.mp3 in Resources */,
				CAEE6FD328CFACD2007AA493 /* Assets.xcassets in Resources */,
				D3C7D71128D11AE600B08BA6 /* MP3_BananaComNescau_4.mp3 in Resources */,
				472B6E4C28D1208B00A0D036 /* MP3_MistoQuente_14.mp3 in Resources */,
				472B6E4728D1208B00A0D036 /* MP3_MistoQuente_8.mp3 in Resources */,
				472B6E4628D1208B00A0D036 /* MP3_MistoQuente_2.mp3 in Resources */,
				CA74162328DBB2D2006B83AF /* MP3_BoloDeCaneca_10.mp3 in Resources */,
				472B6E4928D1208B00A0D036 /* MP3_MistoQuente_11.mp3 in Resources */,
				CA74162D28DBB2D2006B83AF /* MP3_BoloDeCaneca_18.mp3 in Resources */,
				472B6E4D28D1208B00A0D036 /* MP3_MistoQuente_15.mp3 in Resources */,
				472B6E4E28D1208B00A0D036 /* MP3_MistoQuente_1.mp3 in Resources */,
				CA74162A28DBB2D2006B83AF /* MP3_BoloDeCaneca_21.mp3 in Resources */,
				D3C7D70F28D11AE600B08BA6 /* MP3_BananaComNescau_11.mp3 in Resources */,
			);
			runOnlyForDeploymentPostprocessing = 0;
		};
/* End PBXResourcesBuildPhase section */

/* Begin PBXSourcesBuildPhase section */
		CAEE6FC228CFACD1007AA493 /* Sources */ = {
			isa = PBXSourcesBuildPhase;
			buildActionMask = 2147483647;
			files = (
				0DD453B828D3AD1500DA32F3 /* ConclusaoView.swift in Sources */,
				CA826B4C28CFC05D00D5268F /* UIViewController+Preview.swift in Sources */,
				0D66D52E28CFBD7A00F1A41C /* PesquisarViewController.swift in Sources */,
				0DAD6E0828D907780021C51E /* PesquisarViewController+Delegate.swift in Sources */,
				D371043628D60044004F138B /* CheckViewController+DataSource.swift in Sources */,
				D371043628D60044004F138B /* CheckViewController+DataSource.swift in Sources */,
				0DF1FBC128D0EE41005EE8D7 /* PassoPassoView.swift in Sources */,
				CA826B4E28CFC52C00D5268F /* TabBarController.swift in Sources */,
				0DF1FBC728D0EED6005EE8D7 /* PesquisarView.swift in Sources */,
				0D50649028D4C58700020F17 /* ComecoViewController.swift in Sources */,
				8F2391EF28D5F1BD00B75299 /* GanhoConquistasView.swift in Sources */,
				47FAFDE028D23EF9004175C1 /* PreviaViewController.swift in Sources */,
				0D66D53228CFBD9500F1A41C /* ConquistasViewController.swift in Sources */,
				0DD453B628D3ACFF00DA32F3 /* ConclusaoViewController.swift in Sources */,
				CA67837F28D4BD02006134FF /* ConquistasCollectionViewCell.swift in Sources */,
				8F2391F128D5F1D600B75299 /* GanhoConquistasViewController.swift in Sources */,
				4725FB0F28D8D0E500DC3A16 /* PassoPassoDelegate.swift in Sources */,
				0DB5C28928D221AC00267028 /* ReceitasViewController+Delegate.swift in Sources */,
				0DAD6E0628D906C20021C51E /* PesquisarViewController+DataSource.swift in Sources */,
				0D50649228D4C8D400020F17 /* ComecoView.swift in Sources */,
				8FD221E728D27640008EB0C4 /* PassoPassoViewController.swift in Sources */,
				D371043428D60021004F138B /* CheckViewController+Delegate.swift in Sources */,
				0D66D53028CFBD8A00F1A41C /* ReceitasViewController.swift in Sources */,
				477E934B28CFB532009E57A8 /* Receita.swift in Sources */,
				0DB5C28528D21AE300267028 /* ReceitasTableViewCell.swift in Sources */,
				CA826B4A28CFC04C00D5268F /* UIView+Preview.swift in Sources */,
				4725FB1328D8F61200DC3A16 /* ButtonDelegate.swift in Sources */,
				D3AABE1428D23C5D0094400B /* CheckViewController.swift in Sources */,
				D3AABE1A28D247620094400B /* CheckTableViewCell.swift in Sources */,
				CAEE6FCA28CFACD1007AA493 /* AppDelegate.swift in Sources */,
				4725FB0D28D8B79B00DC3A16 /* PreviaViewController+Delegate.swift in Sources */,
				CAEE6FCC28CFACD1007AA493 /* SceneDelegate.swift in Sources */,
				0DB5C28728D21FA100267028 /* ReceitasViewController+DataSource.swift in Sources */,
				47FAFDE228D244C0004175C1 /* LinhaView.swift in Sources */,
				0DF1FBBF28D0EE0A005EE8D7 /* ReceitasView.swift in Sources */,
				47FAFDDE28D23D79004175C1 /* PreviaView.swift in Sources */,
				0DF1FBC528D0EE7E005EE8D7 /* ConquistasView.swift in Sources */,
				4725FB0B28D8B6F400DC3A16 /* PreviaViewDelegate.swift in Sources */,
				8FF9F7BE28CFEDB60004A681 /* Receita+Receitas.swift in Sources */,
				CA67838128D4BD11006134FF /* Conquista.swift in Sources */,
				4725FB1128D8D1CC00DC3A16 /* PassoPassoViewController+PassoPassoDelegate.swift in Sources */,
				D371043828D60164004F138B /* CheckView.swift in Sources */,
			);
			runOnlyForDeploymentPostprocessing = 0;
		};
/* End PBXSourcesBuildPhase section */

/* Begin PBXVariantGroup section */
		CAEE6FD428CFACD2007AA493 /* LaunchScreen.storyboard */ = {
			isa = PBXVariantGroup;
			children = (
				CAEE6FD528CFACD2007AA493 /* Base */,
			);
			name = LaunchScreen.storyboard;
			sourceTree = "<group>";
		};
/* End PBXVariantGroup section */

/* Begin XCBuildConfiguration section */
		CAEE6FD828CFACD2007AA493 /* Debug */ = {
			isa = XCBuildConfiguration;
			buildSettings = {
				ALWAYS_SEARCH_USER_PATHS = NO;
				CLANG_ANALYZER_NONNULL = YES;
				CLANG_ANALYZER_NUMBER_OBJECT_CONVERSION = YES_AGGRESSIVE;
				CLANG_CXX_LANGUAGE_STANDARD = "gnu++17";
				CLANG_ENABLE_MODULES = YES;
				CLANG_ENABLE_OBJC_ARC = YES;
				CLANG_ENABLE_OBJC_WEAK = YES;
				CLANG_WARN_BLOCK_CAPTURE_AUTORELEASING = YES;
				CLANG_WARN_BOOL_CONVERSION = YES;
				CLANG_WARN_COMMA = YES;
				CLANG_WARN_CONSTANT_CONVERSION = YES;
				CLANG_WARN_DEPRECATED_OBJC_IMPLEMENTATIONS = YES;
				CLANG_WARN_DIRECT_OBJC_ISA_USAGE = YES_ERROR;
				CLANG_WARN_DOCUMENTATION_COMMENTS = YES;
				CLANG_WARN_EMPTY_BODY = YES;
				CLANG_WARN_ENUM_CONVERSION = YES;
				CLANG_WARN_INFINITE_RECURSION = YES;
				CLANG_WARN_INT_CONVERSION = YES;
				CLANG_WARN_NON_LITERAL_NULL_CONVERSION = YES;
				CLANG_WARN_OBJC_IMPLICIT_RETAIN_SELF = YES;
				CLANG_WARN_OBJC_LITERAL_CONVERSION = YES;
				CLANG_WARN_OBJC_ROOT_CLASS = YES_ERROR;
				CLANG_WARN_QUOTED_INCLUDE_IN_FRAMEWORK_HEADER = YES;
				CLANG_WARN_RANGE_LOOP_ANALYSIS = YES;
				CLANG_WARN_STRICT_PROTOTYPES = YES;
				CLANG_WARN_SUSPICIOUS_MOVE = YES;
				CLANG_WARN_UNGUARDED_AVAILABILITY = YES_AGGRESSIVE;
				CLANG_WARN_UNREACHABLE_CODE = YES;
				CLANG_WARN__DUPLICATE_METHOD_MATCH = YES;
				COPY_PHASE_STRIP = NO;
				DEBUG_INFORMATION_FORMAT = dwarf;
				ENABLE_STRICT_OBJC_MSGSEND = YES;
				ENABLE_TESTABILITY = YES;
				GCC_C_LANGUAGE_STANDARD = gnu11;
				GCC_DYNAMIC_NO_PIC = NO;
				GCC_NO_COMMON_BLOCKS = YES;
				GCC_OPTIMIZATION_LEVEL = 0;
				GCC_PREPROCESSOR_DEFINITIONS = (
					"DEBUG=1",
					"$(inherited)",
				);
				GCC_WARN_64_TO_32_BIT_CONVERSION = YES;
				GCC_WARN_ABOUT_RETURN_TYPE = YES_ERROR;
				GCC_WARN_UNDECLARED_SELECTOR = YES;
				GCC_WARN_UNINITIALIZED_AUTOS = YES_AGGRESSIVE;
				GCC_WARN_UNUSED_FUNCTION = YES;
				GCC_WARN_UNUSED_VARIABLE = YES;
				IPHONEOS_DEPLOYMENT_TARGET = 15.5;
				MTL_ENABLE_DEBUG_INFO = INCLUDE_SOURCE;
				MTL_FAST_MATH = YES;
				ONLY_ACTIVE_ARCH = YES;
				SDKROOT = iphoneos;
				SWIFT_ACTIVE_COMPILATION_CONDITIONS = DEBUG;
				SWIFT_OPTIMIZATION_LEVEL = "-Onone";
			};
			name = Debug;
		};
		CAEE6FD928CFACD2007AA493 /* Release */ = {
			isa = XCBuildConfiguration;
			buildSettings = {
				ALWAYS_SEARCH_USER_PATHS = NO;
				CLANG_ANALYZER_NONNULL = YES;
				CLANG_ANALYZER_NUMBER_OBJECT_CONVERSION = YES_AGGRESSIVE;
				CLANG_CXX_LANGUAGE_STANDARD = "gnu++17";
				CLANG_ENABLE_MODULES = YES;
				CLANG_ENABLE_OBJC_ARC = YES;
				CLANG_ENABLE_OBJC_WEAK = YES;
				CLANG_WARN_BLOCK_CAPTURE_AUTORELEASING = YES;
				CLANG_WARN_BOOL_CONVERSION = YES;
				CLANG_WARN_COMMA = YES;
				CLANG_WARN_CONSTANT_CONVERSION = YES;
				CLANG_WARN_DEPRECATED_OBJC_IMPLEMENTATIONS = YES;
				CLANG_WARN_DIRECT_OBJC_ISA_USAGE = YES_ERROR;
				CLANG_WARN_DOCUMENTATION_COMMENTS = YES;
				CLANG_WARN_EMPTY_BODY = YES;
				CLANG_WARN_ENUM_CONVERSION = YES;
				CLANG_WARN_INFINITE_RECURSION = YES;
				CLANG_WARN_INT_CONVERSION = YES;
				CLANG_WARN_NON_LITERAL_NULL_CONVERSION = YES;
				CLANG_WARN_OBJC_IMPLICIT_RETAIN_SELF = YES;
				CLANG_WARN_OBJC_LITERAL_CONVERSION = YES;
				CLANG_WARN_OBJC_ROOT_CLASS = YES_ERROR;
				CLANG_WARN_QUOTED_INCLUDE_IN_FRAMEWORK_HEADER = YES;
				CLANG_WARN_RANGE_LOOP_ANALYSIS = YES;
				CLANG_WARN_STRICT_PROTOTYPES = YES;
				CLANG_WARN_SUSPICIOUS_MOVE = YES;
				CLANG_WARN_UNGUARDED_AVAILABILITY = YES_AGGRESSIVE;
				CLANG_WARN_UNREACHABLE_CODE = YES;
				CLANG_WARN__DUPLICATE_METHOD_MATCH = YES;
				COPY_PHASE_STRIP = NO;
				DEBUG_INFORMATION_FORMAT = "dwarf-with-dsym";
				ENABLE_NS_ASSERTIONS = NO;
				ENABLE_STRICT_OBJC_MSGSEND = YES;
				GCC_C_LANGUAGE_STANDARD = gnu11;
				GCC_NO_COMMON_BLOCKS = YES;
				GCC_WARN_64_TO_32_BIT_CONVERSION = YES;
				GCC_WARN_ABOUT_RETURN_TYPE = YES_ERROR;
				GCC_WARN_UNDECLARED_SELECTOR = YES;
				GCC_WARN_UNINITIALIZED_AUTOS = YES_AGGRESSIVE;
				GCC_WARN_UNUSED_FUNCTION = YES;
				GCC_WARN_UNUSED_VARIABLE = YES;
				IPHONEOS_DEPLOYMENT_TARGET = 15.5;
				MTL_ENABLE_DEBUG_INFO = NO;
				MTL_FAST_MATH = YES;
				SDKROOT = iphoneos;
				SWIFT_COMPILATION_MODE = wholemodule;
				SWIFT_OPTIMIZATION_LEVEL = "-O";
				VALIDATE_PRODUCT = YES;
			};
			name = Release;
		};
		CAEE6FDB28CFACD2007AA493 /* Debug */ = {
			isa = XCBuildConfiguration;
			buildSettings = {
				ASSETCATALOG_COMPILER_APPICON_NAME = AppIcon;
				ASSETCATALOG_COMPILER_GLOBAL_ACCENT_COLOR_NAME = AccentColor;
				CODE_SIGN_STYLE = Automatic;
				CURRENT_PROJECT_VERSION = 1;
				DEVELOPMENT_TEAM = CMWHQAT5B4;
				GENERATE_INFOPLIST_FILE = YES;
				INFOPLIST_FILE = Receitinha/Info.plist;
				INFOPLIST_KEY_UIApplicationSupportsIndirectInputEvents = YES;
				INFOPLIST_KEY_UILaunchStoryboardName = LaunchScreen;
				INFOPLIST_KEY_UISupportedInterfaceOrientations = "UIInterfaceOrientationPortrait UIInterfaceOrientationPortraitUpsideDown";
				INFOPLIST_KEY_UISupportedInterfaceOrientations_iPad = "UIInterfaceOrientationPortrait UIInterfaceOrientationPortraitUpsideDown";
				INFOPLIST_KEY_UISupportedInterfaceOrientations_iPhone = UIInterfaceOrientationPortrait;
				LD_RUNPATH_SEARCH_PATHS = (
					"$(inherited)",
					"@executable_path/Frameworks",
				);
				MARKETING_VERSION = 1.0;
				PRODUCT_BUNDLE_IDENTIFIER = br.ufpe.cin.academy.gfrm.Receitinha;
				PRODUCT_NAME = "$(TARGET_NAME)";
				SWIFT_EMIT_LOC_STRINGS = YES;
				SWIFT_VERSION = 5.0;
				TARGETED_DEVICE_FAMILY = "1,2";
			};
			name = Debug;
		};
		CAEE6FDC28CFACD2007AA493 /* Release */ = {
			isa = XCBuildConfiguration;
			buildSettings = {
				ASSETCATALOG_COMPILER_APPICON_NAME = AppIcon;
				ASSETCATALOG_COMPILER_GLOBAL_ACCENT_COLOR_NAME = AccentColor;
				CODE_SIGN_STYLE = Automatic;
				CURRENT_PROJECT_VERSION = 1;
				DEVELOPMENT_TEAM = CMWHQAT5B4;
				GENERATE_INFOPLIST_FILE = YES;
				INFOPLIST_FILE = Receitinha/Info.plist;
				INFOPLIST_KEY_UIApplicationSupportsIndirectInputEvents = YES;
				INFOPLIST_KEY_UILaunchStoryboardName = LaunchScreen;
				INFOPLIST_KEY_UISupportedInterfaceOrientations = "UIInterfaceOrientationPortrait UIInterfaceOrientationPortraitUpsideDown";
				INFOPLIST_KEY_UISupportedInterfaceOrientations_iPad = "UIInterfaceOrientationPortrait UIInterfaceOrientationPortraitUpsideDown";
				INFOPLIST_KEY_UISupportedInterfaceOrientations_iPhone = UIInterfaceOrientationPortrait;
				LD_RUNPATH_SEARCH_PATHS = (
					"$(inherited)",
					"@executable_path/Frameworks",
				);
				MARKETING_VERSION = 1.0;
				PRODUCT_BUNDLE_IDENTIFIER = br.ufpe.cin.academy.gfrm.Receitinha;
				PRODUCT_NAME = "$(TARGET_NAME)";
				SWIFT_EMIT_LOC_STRINGS = YES;
				SWIFT_VERSION = 5.0;
				TARGETED_DEVICE_FAMILY = "1,2";
			};
			name = Release;
		};
/* End XCBuildConfiguration section */

/* Begin XCConfigurationList section */
		CAEE6FC128CFACD1007AA493 /* Build configuration list for PBXProject "Receitinha" */ = {
			isa = XCConfigurationList;
			buildConfigurations = (
				CAEE6FD828CFACD2007AA493 /* Debug */,
				CAEE6FD928CFACD2007AA493 /* Release */,
			);
			defaultConfigurationIsVisible = 0;
			defaultConfigurationName = Release;
		};
		CAEE6FDA28CFACD2007AA493 /* Build configuration list for PBXNativeTarget "Receitinha" */ = {
			isa = XCConfigurationList;
			buildConfigurations = (
				CAEE6FDB28CFACD2007AA493 /* Debug */,
				CAEE6FDC28CFACD2007AA493 /* Release */,
			);
			defaultConfigurationIsVisible = 0;
			defaultConfigurationName = Release;
		};
/* End XCConfigurationList section */
	};
	rootObject = CAEE6FBE28CFACD1007AA493 /* Project object */;
}
