// !$*UTF8*$!
{
	archiveVersion = 1;
	classes = {
	};
	objectVersion = 55;
	objects = {

/* Begin PBXBuildFile section */
		0D66D52E28CFBD7A00F1A41C /* PesquisarViewController.swift in Sources */ = {isa = PBXBuildFile; fileRef = 0D66D52D28CFBD7A00F1A41C /* PesquisarViewController.swift */; };
		0D66D53028CFBD8A00F1A41C /* ReceitasViewController.swift in Sources */ = {isa = PBXBuildFile; fileRef = 0D66D52F28CFBD8A00F1A41C /* ReceitasViewController.swift */; };
		0D66D53228CFBD9500F1A41C /* ConquistasViewController.swift in Sources */ = {isa = PBXBuildFile; fileRef = 0D66D53128CFBD9500F1A41C /* ConquistasViewController.swift */; };
		0DF1FBBF28D0EE0A005EE8D7 /* ReceitasView.swift in Sources */ = {isa = PBXBuildFile; fileRef = 0DF1FBBE28D0EE0A005EE8D7 /* ReceitasView.swift */; };
		0DF1FBC128D0EE41005EE8D7 /* PassoPassoView.swift in Sources */ = {isa = PBXBuildFile; fileRef = 0DF1FBC028D0EE41005EE8D7 /* PassoPassoView.swift */; };
		0DF1FBC328D0EE57005EE8D7 /* CheckpointView.swift in Sources */ = {isa = PBXBuildFile; fileRef = 0DF1FBC228D0EE57005EE8D7 /* CheckpointView.swift */; };
		0DF1FBC528D0EE7E005EE8D7 /* ConquistasView.swift in Sources */ = {isa = PBXBuildFile; fileRef = 0DF1FBC428D0EE7E005EE8D7 /* ConquistasView.swift */; };
		0DF1FBC728D0EED6005EE8D7 /* PesquisarView.swift in Sources */ = {isa = PBXBuildFile; fileRef = 0DF1FBC628D0EED6005EE8D7 /* PesquisarView.swift */; };
		477E934B28CFB532009E57A8 /* Receita.swift in Sources */ = {isa = PBXBuildFile; fileRef = 477E934A28CFB532009E57A8 /* Receita.swift */; };
		8FF9F7BE28CFEDB60004A681 /* Receita+Receitas.swift in Sources */ = {isa = PBXBuildFile; fileRef = 8FF9F7BD28CFEDB60004A681 /* Receita+Receitas.swift */; };
		CA826B4A28CFC04C00D5268F /* UIView+Preview.swift in Sources */ = {isa = PBXBuildFile; fileRef = CA826B4928CFC04C00D5268F /* UIView+Preview.swift */; };
		CA826B4C28CFC05D00D5268F /* UIViewController+Preview.swift in Sources */ = {isa = PBXBuildFile; fileRef = CA826B4B28CFC05D00D5268F /* UIViewController+Preview.swift */; };
		CA826B4E28CFC52C00D5268F /* TabBarController.swift in Sources */ = {isa = PBXBuildFile; fileRef = CA826B4D28CFC52C00D5268F /* TabBarController.swift */; };
		CAEE6FCA28CFACD1007AA493 /* AppDelegate.swift in Sources */ = {isa = PBXBuildFile; fileRef = CAEE6FC928CFACD1007AA493 /* AppDelegate.swift */; };
		CAEE6FCC28CFACD1007AA493 /* SceneDelegate.swift in Sources */ = {isa = PBXBuildFile; fileRef = CAEE6FCB28CFACD1007AA493 /* SceneDelegate.swift */; };
		CAEE6FD328CFACD2007AA493 /* Assets.xcassets in Resources */ = {isa = PBXBuildFile; fileRef = CAEE6FD228CFACD2007AA493 /* Assets.xcassets */; };
		CAEE6FD628CFACD2007AA493 /* LaunchScreen.storyboard in Resources */ = {isa = PBXBuildFile; fileRef = CAEE6FD428CFACD2007AA493 /* LaunchScreen.storyboard */; };
		D3C7D70A28D11AE600B08BA6 /* MP3_BananaComNescau_3.mp3 in Resources */ = {isa = PBXBuildFile; fileRef = D3C7D6FF28D11AE600B08BA6 /* MP3_BananaComNescau_3.mp3 */; };
		D3C7D70B28D11AE600B08BA6 /* MP3_BananaComNescau_1.mp3 in Resources */ = {isa = PBXBuildFile; fileRef = D3C7D70028D11AE600B08BA6 /* MP3_BananaComNescau_1.mp3 */; };
		D3C7D70C28D11AE600B08BA6 /* MP3_BananaComNescau_8.mp3 in Resources */ = {isa = PBXBuildFile; fileRef = D3C7D70128D11AE600B08BA6 /* MP3_BananaComNescau_8.mp3 */; };
		D3C7D70D28D11AE600B08BA6 /* MP3_BananaComNescau_9.mp3 in Resources */ = {isa = PBXBuildFile; fileRef = D3C7D70228D11AE600B08BA6 /* MP3_BananaComNescau_9.mp3 */; };
		D3C7D70E28D11AE600B08BA6 /* MP3_BananaComNescau_10.mp3 in Resources */ = {isa = PBXBuildFile; fileRef = D3C7D70328D11AE600B08BA6 /* MP3_BananaComNescau_10.mp3 */; };
		D3C7D70F28D11AE600B08BA6 /* MP3_BananaComNescau_11.mp3 in Resources */ = {isa = PBXBuildFile; fileRef = D3C7D70428D11AE600B08BA6 /* MP3_BananaComNescau_11.mp3 */; };
		D3C7D71028D11AE600B08BA6 /* MP3_BananaComNescau_2.mp3 in Resources */ = {isa = PBXBuildFile; fileRef = D3C7D70528D11AE600B08BA6 /* MP3_BananaComNescau_2.mp3 */; };
		D3C7D71128D11AE600B08BA6 /* MP3_BananaComNescau_4.mp3 in Resources */ = {isa = PBXBuildFile; fileRef = D3C7D70628D11AE600B08BA6 /* MP3_BananaComNescau_4.mp3 */; };
		D3C7D71228D11AE600B08BA6 /* MP3_BananaComNescau_6.mp3 in Resources */ = {isa = PBXBuildFile; fileRef = D3C7D70728D11AE600B08BA6 /* MP3_BananaComNescau_6.mp3 */; };
		D3C7D71328D11AE600B08BA6 /* MP3_BananaComNescau_7.mp3 in Resources */ = {isa = PBXBuildFile; fileRef = D3C7D70828D11AE600B08BA6 /* MP3_BananaComNescau_7.mp3 */; };
		D3C7D71428D11AE600B08BA6 /* MP3_BananaComNescau_5.mp3 in Resources */ = {isa = PBXBuildFile; fileRef = D3C7D70928D11AE600B08BA6 /* MP3_BananaComNescau_5.mp3 */; };
/* End PBXBuildFile section */

/* Begin PBXFileReference section */
		0D66D52D28CFBD7A00F1A41C /* PesquisarViewController.swift */ = {isa = PBXFileReference; lastKnownFileType = sourcecode.swift; path = PesquisarViewController.swift; sourceTree = "<group>"; };
		0D66D52F28CFBD8A00F1A41C /* ReceitasViewController.swift */ = {isa = PBXFileReference; lastKnownFileType = sourcecode.swift; path = ReceitasViewController.swift; sourceTree = "<group>"; };
		0D66D53128CFBD9500F1A41C /* ConquistasViewController.swift */ = {isa = PBXFileReference; lastKnownFileType = sourcecode.swift; path = ConquistasViewController.swift; sourceTree = "<group>"; };
		0DF1FBBE28D0EE0A005EE8D7 /* ReceitasView.swift */ = {isa = PBXFileReference; lastKnownFileType = sourcecode.swift; path = ReceitasView.swift; sourceTree = "<group>"; };
		0DF1FBC028D0EE41005EE8D7 /* PassoPassoView.swift */ = {isa = PBXFileReference; lastKnownFileType = sourcecode.swift; path = PassoPassoView.swift; sourceTree = "<group>"; };
		0DF1FBC228D0EE57005EE8D7 /* CheckpointView.swift */ = {isa = PBXFileReference; lastKnownFileType = sourcecode.swift; path = CheckpointView.swift; sourceTree = "<group>"; };
		0DF1FBC428D0EE7E005EE8D7 /* ConquistasView.swift */ = {isa = PBXFileReference; lastKnownFileType = sourcecode.swift; path = ConquistasView.swift; sourceTree = "<group>"; };
		0DF1FBC628D0EED6005EE8D7 /* PesquisarView.swift */ = {isa = PBXFileReference; lastKnownFileType = sourcecode.swift; path = PesquisarView.swift; sourceTree = "<group>"; };
		477E934A28CFB532009E57A8 /* Receita.swift */ = {isa = PBXFileReference; fileEncoding = 4; lastKnownFileType = sourcecode.swift; path = Receita.swift; sourceTree = "<group>"; };
		8FF9F7BD28CFEDB60004A681 /* Receita+Receitas.swift */ = {isa = PBXFileReference; lastKnownFileType = sourcecode.swift; path = "Receita+Receitas.swift"; sourceTree = "<group>"; };
		CA826B4928CFC04C00D5268F /* UIView+Preview.swift */ = {isa = PBXFileReference; fileEncoding = 4; lastKnownFileType = sourcecode.swift; path = "UIView+Preview.swift"; sourceTree = "<group>"; };
		CA826B4B28CFC05D00D5268F /* UIViewController+Preview.swift */ = {isa = PBXFileReference; fileEncoding = 4; lastKnownFileType = sourcecode.swift; path = "UIViewController+Preview.swift"; sourceTree = "<group>"; };
		CA826B4D28CFC52C00D5268F /* TabBarController.swift */ = {isa = PBXFileReference; lastKnownFileType = sourcecode.swift; path = TabBarController.swift; sourceTree = "<group>"; };
		CAEE6FC628CFACD1007AA493 /* Receitinha.app */ = {isa = PBXFileReference; explicitFileType = wrapper.application; includeInIndex = 0; path = Receitinha.app; sourceTree = BUILT_PRODUCTS_DIR; };
		CAEE6FC928CFACD1007AA493 /* AppDelegate.swift */ = {isa = PBXFileReference; lastKnownFileType = sourcecode.swift; path = AppDelegate.swift; sourceTree = "<group>"; };
		CAEE6FCB28CFACD1007AA493 /* SceneDelegate.swift */ = {isa = PBXFileReference; lastKnownFileType = sourcecode.swift; path = SceneDelegate.swift; sourceTree = "<group>"; };
		CAEE6FD228CFACD2007AA493 /* Assets.xcassets */ = {isa = PBXFileReference; lastKnownFileType = folder.assetcatalog; path = Assets.xcassets; sourceTree = "<group>"; };
		CAEE6FD528CFACD2007AA493 /* Base */ = {isa = PBXFileReference; lastKnownFileType = file.storyboard; name = Base; path = Base.lproj/LaunchScreen.storyboard; sourceTree = "<group>"; };
		CAEE6FD728CFACD2007AA493 /* Info.plist */ = {isa = PBXFileReference; lastKnownFileType = text.plist.xml; path = Info.plist; sourceTree = "<group>"; };
		D3C7D6FF28D11AE600B08BA6 /* MP3_BananaComNescau_3.mp3 */ = {isa = PBXFileReference; lastKnownFileType = audio.mp3; path = MP3_BananaComNescau_3.mp3; sourceTree = "<group>"; };
		D3C7D70028D11AE600B08BA6 /* MP3_BananaComNescau_1.mp3 */ = {isa = PBXFileReference; lastKnownFileType = audio.mp3; path = MP3_BananaComNescau_1.mp3; sourceTree = "<group>"; };
		D3C7D70128D11AE600B08BA6 /* MP3_BananaComNescau_8.mp3 */ = {isa = PBXFileReference; lastKnownFileType = audio.mp3; path = MP3_BananaComNescau_8.mp3; sourceTree = "<group>"; };
		D3C7D70228D11AE600B08BA6 /* MP3_BananaComNescau_9.mp3 */ = {isa = PBXFileReference; lastKnownFileType = audio.mp3; path = MP3_BananaComNescau_9.mp3; sourceTree = "<group>"; };
		D3C7D70328D11AE600B08BA6 /* MP3_BananaComNescau_10.mp3 */ = {isa = PBXFileReference; lastKnownFileType = audio.mp3; path = MP3_BananaComNescau_10.mp3; sourceTree = "<group>"; };
		D3C7D70428D11AE600B08BA6 /* MP3_BananaComNescau_11.mp3 */ = {isa = PBXFileReference; lastKnownFileType = audio.mp3; path = MP3_BananaComNescau_11.mp3; sourceTree = "<group>"; };
		D3C7D70528D11AE600B08BA6 /* MP3_BananaComNescau_2.mp3 */ = {isa = PBXFileReference; lastKnownFileType = audio.mp3; path = MP3_BananaComNescau_2.mp3; sourceTree = "<group>"; };
		D3C7D70628D11AE600B08BA6 /* MP3_BananaComNescau_4.mp3 */ = {isa = PBXFileReference; lastKnownFileType = audio.mp3; path = MP3_BananaComNescau_4.mp3; sourceTree = "<group>"; };
		D3C7D70728D11AE600B08BA6 /* MP3_BananaComNescau_6.mp3 */ = {isa = PBXFileReference; lastKnownFileType = audio.mp3; path = MP3_BananaComNescau_6.mp3; sourceTree = "<group>"; };
		D3C7D70828D11AE600B08BA6 /* MP3_BananaComNescau_7.mp3 */ = {isa = PBXFileReference; lastKnownFileType = audio.mp3; path = MP3_BananaComNescau_7.mp3; sourceTree = "<group>"; };
		D3C7D70928D11AE600B08BA6 /* MP3_BananaComNescau_5.mp3 */ = {isa = PBXFileReference; lastKnownFileType = audio.mp3; path = MP3_BananaComNescau_5.mp3; sourceTree = "<group>"; };
/* End PBXFileReference section */

/* Begin PBXFrameworksBuildPhase section */
		CAEE6FC328CFACD1007AA493 /* Frameworks */ = {
			isa = PBXFrameworksBuildPhase;
			buildActionMask = 2147483647;
			files = (
			);
			runOnlyForDeploymentPostprocessing = 0;
		};
/* End PBXFrameworksBuildPhase section */

/* Begin PBXGroup section */
		0D66D52928CFBCED00F1A41C /* View */ = {
			isa = PBXGroup;
			children = (
				CAEE6FD428CFACD2007AA493 /* LaunchScreen.storyboard */,
				0DF1FBBE28D0EE0A005EE8D7 /* ReceitasView.swift */,
				0DF1FBC028D0EE41005EE8D7 /* PassoPassoView.swift */,
				0DF1FBC228D0EE57005EE8D7 /* CheckpointView.swift */,
				0DF1FBC428D0EE7E005EE8D7 /* ConquistasView.swift */,
				0DF1FBC628D0EED6005EE8D7 /* PesquisarView.swift */,
			);
			path = View;
			sourceTree = "<group>";
		};
		0D66D52A28CFBCFB00F1A41C /* Supporting Files */ = {
			isa = PBXGroup;
			children = (
				CAEE6FD728CFACD2007AA493 /* Info.plist */,
				CAEE6FD228CFACD2007AA493 /* Assets.xcassets */,
				CA826B4928CFC04C00D5268F /* UIView+Preview.swift */,
				CA826B4B28CFC05D00D5268F /* UIViewController+Preview.swift */,
			);
			name = "Supporting Files";
			sourceTree = "<group>";
		};
		0D66D52B28CFBD3300F1A41C /* Model */ = {
			isa = PBXGroup;
			children = (
				477E934A28CFB532009E57A8 /* Receita.swift */,
				8FF9F7BD28CFEDB60004A681 /* Receita+Receitas.swift */,
			);
			path = Model;
			sourceTree = "<group>";
		};
		0D66D52C28CFBD3B00F1A41C /* Controllers */ = {
			isa = PBXGroup;
			children = (
				CA826B4D28CFC52C00D5268F /* TabBarController.swift */,
				0D66D52D28CFBD7A00F1A41C /* PesquisarViewController.swift */,
				0D66D52F28CFBD8A00F1A41C /* ReceitasViewController.swift */,
				0D66D53128CFBD9500F1A41C /* ConquistasViewController.swift */,
			);
			path = Controllers;
			sourceTree = "<group>";
		};
		CAEE6FBD28CFACD1007AA493 = {
			isa = PBXGroup;
			children = (
				D3C7D6FE28D11AD100B08BA6 /* Audios */,
				CAEE6FC828CFACD1007AA493 /* Receitinha */,
				CAEE6FC728CFACD1007AA493 /* Products */,
			);
			sourceTree = "<group>";
		};
		CAEE6FC728CFACD1007AA493 /* Products */ = {
			isa = PBXGroup;
			children = (
				CAEE6FC628CFACD1007AA493 /* Receitinha.app */,
			);
			name = Products;
			sourceTree = "<group>";
		};
		CAEE6FC828CFACD1007AA493 /* Receitinha */ = {
			isa = PBXGroup;
			children = (
				CAEE6FC928CFACD1007AA493 /* AppDelegate.swift */,
				CAEE6FCB28CFACD1007AA493 /* SceneDelegate.swift */,
				0D66D52C28CFBD3B00F1A41C /* Controllers */,
				0D66D52B28CFBD3300F1A41C /* Model */,
				0D66D52928CFBCED00F1A41C /* View */,
				0D66D52A28CFBCFB00F1A41C /* Supporting Files */,
			);
			path = Receitinha;
			sourceTree = "<group>";
		};
		D3C7D6FE28D11AD100B08BA6 /* Audios */ = {
			isa = PBXGroup;
			children = (
				D3C7D70028D11AE600B08BA6 /* MP3_BananaComNescau_1.mp3 */,
				D3C7D70528D11AE600B08BA6 /* MP3_BananaComNescau_2.mp3 */,
				D3C7D6FF28D11AE600B08BA6 /* MP3_BananaComNescau_3.mp3 */,
				D3C7D70628D11AE600B08BA6 /* MP3_BananaComNescau_4.mp3 */,
				D3C7D70928D11AE600B08BA6 /* MP3_BananaComNescau_5.mp3 */,
				D3C7D70728D11AE600B08BA6 /* MP3_BananaComNescau_6.mp3 */,
				D3C7D70828D11AE600B08BA6 /* MP3_BananaComNescau_7.mp3 */,
				D3C7D70128D11AE600B08BA6 /* MP3_BananaComNescau_8.mp3 */,
				D3C7D70228D11AE600B08BA6 /* MP3_BananaComNescau_9.mp3 */,
				D3C7D70328D11AE600B08BA6 /* MP3_BananaComNescau_10.mp3 */,
				D3C7D70428D11AE600B08BA6 /* MP3_BananaComNescau_11.mp3 */,
			);
			name = Audios;
			sourceTree = "<group>";
		};
/* End PBXGroup section */

/* Begin PBXNativeTarget section */
		CAEE6FC528CFACD1007AA493 /* Receitinha */ = {
			isa = PBXNativeTarget;
			buildConfigurationList = CAEE6FDA28CFACD2007AA493 /* Build configuration list for PBXNativeTarget "Receitinha" */;
			buildPhases = (
				CAEE6FC228CFACD1007AA493 /* Sources */,
				CAEE6FC328CFACD1007AA493 /* Frameworks */,
				CAEE6FC428CFACD1007AA493 /* Resources */,
			);
			buildRules = (
			);
			dependencies = (
			);
			name = Receitinha;
			productName = Receitinha;
			productReference = CAEE6FC628CFACD1007AA493 /* Receitinha.app */;
			productType = "com.apple.product-type.application";
		};
/* End PBXNativeTarget section */

/* Begin PBXProject section */
		CAEE6FBE28CFACD1007AA493 /* Project object */ = {
			isa = PBXProject;
			attributes = {
				BuildIndependentTargetsInParallel = 1;
				LastSwiftUpdateCheck = 1340;
				LastUpgradeCheck = 1340;
				TargetAttributes = {
					CAEE6FC528CFACD1007AA493 = {
						CreatedOnToolsVersion = 13.4.1;
					};
				};
			};
			buildConfigurationList = CAEE6FC128CFACD1007AA493 /* Build configuration list for PBXProject "Receitinha" */;
			compatibilityVersion = "Xcode 13.0";
			developmentRegion = en;
			hasScannedForEncodings = 0;
			knownRegions = (
				en,
				Base,
			);
			mainGroup = CAEE6FBD28CFACD1007AA493;
			productRefGroup = CAEE6FC728CFACD1007AA493 /* Products */;
			projectDirPath = "";
			projectRoot = "";
			targets = (
				CAEE6FC528CFACD1007AA493 /* Receitinha */,
			);
		};
/* End PBXProject section */

/* Begin PBXResourcesBuildPhase section */
		CAEE6FC428CFACD1007AA493 /* Resources */ = {
			isa = PBXResourcesBuildPhase;
			buildActionMask = 2147483647;
			files = (
				D3C7D70C28D11AE600B08BA6 /* MP3_BananaComNescau_8.mp3 in Resources */,
				D3C7D70D28D11AE600B08BA6 /* MP3_BananaComNescau_9.mp3 in Resources */,
				CAEE6FD628CFACD2007AA493 /* LaunchScreen.storyboard in Resources */,
				D3C7D70E28D11AE600B08BA6 /* MP3_BananaComNescau_10.mp3 in Resources */,
				D3C7D71028D11AE600B08BA6 /* MP3_BananaComNescau_2.mp3 in Resources */,
				D3C7D70B28D11AE600B08BA6 /* MP3_BananaComNescau_1.mp3 in Resources */,
				D3C7D71228D11AE600B08BA6 /* MP3_BananaComNescau_6.mp3 in Resources */,
				D3C7D71328D11AE600B08BA6 /* MP3_BananaComNescau_7.mp3 in Resources */,
				D3C7D70A28D11AE600B08BA6 /* MP3_BananaComNescau_3.mp3 in Resources */,
				CAEE6FD328CFACD2007AA493 /* Assets.xcassets in Resources */,
				D3C7D71128D11AE600B08BA6 /* MP3_BananaComNescau_4.mp3 in Resources */,
				D3C7D71428D11AE600B08BA6 /* MP3_BananaComNescau_5.mp3 in Resources */,
				D3C7D70F28D11AE600B08BA6 /* MP3_BananaComNescau_11.mp3 in Resources */,
			);
			runOnlyForDeploymentPostprocessing = 0;
		};
/* End PBXResourcesBuildPhase section */

/* Begin PBXSourcesBuildPhase section */
		CAEE6FC228CFACD1007AA493 /* Sources */ = {
			isa = PBXSourcesBuildPhase;
			buildActionMask = 2147483647;
			files = (
				0DF1FBC328D0EE57005EE8D7 /* CheckpointView.swift in Sources */,
				CA826B4C28CFC05D00D5268F /* UIViewController+Preview.swift in Sources */,
				0D66D52E28CFBD7A00F1A41C /* PesquisarViewController.swift in Sources */,
				0DF1FBC128D0EE41005EE8D7 /* PassoPassoView.swift in Sources */,
				CA826B4E28CFC52C00D5268F /* TabBarController.swift in Sources */,
				0DF1FBC728D0EED6005EE8D7 /* PesquisarView.swift in Sources */,
				0D66D53228CFBD9500F1A41C /* ConquistasViewController.swift in Sources */,
				0D66D53028CFBD8A00F1A41C /* ReceitasViewController.swift in Sources */,
				477E934B28CFB532009E57A8 /* Receita.swift in Sources */,
				CA826B4A28CFC04C00D5268F /* UIView+Preview.swift in Sources */,
				CAEE6FCA28CFACD1007AA493 /* AppDelegate.swift in Sources */,
				CAEE6FCC28CFACD1007AA493 /* SceneDelegate.swift in Sources */,
				0DF1FBBF28D0EE0A005EE8D7 /* ReceitasView.swift in Sources */,
				0DF1FBC528D0EE7E005EE8D7 /* ConquistasView.swift in Sources */,
				8FF9F7BE28CFEDB60004A681 /* Receita+Receitas.swift in Sources */,
			);
			runOnlyForDeploymentPostprocessing = 0;
		};
/* End PBXSourcesBuildPhase section */

/* Begin PBXVariantGroup section */
		CAEE6FD428CFACD2007AA493 /* LaunchScreen.storyboard */ = {
			isa = PBXVariantGroup;
			children = (
				CAEE6FD528CFACD2007AA493 /* Base */,
			);
			name = LaunchScreen.storyboard;
			sourceTree = "<group>";
		};
/* End PBXVariantGroup section */

/* Begin XCBuildConfiguration section */
		CAEE6FD828CFACD2007AA493 /* Debug */ = {
			isa = XCBuildConfiguration;
			buildSettings = {
				ALWAYS_SEARCH_USER_PATHS = NO;
				CLANG_ANALYZER_NONNULL = YES;
				CLANG_ANALYZER_NUMBER_OBJECT_CONVERSION = YES_AGGRESSIVE;
				CLANG_CXX_LANGUAGE_STANDARD = "gnu++17";
				CLANG_ENABLE_MODULES = YES;
				CLANG_ENABLE_OBJC_ARC = YES;
				CLANG_ENABLE_OBJC_WEAK = YES;
				CLANG_WARN_BLOCK_CAPTURE_AUTORELEASING = YES;
				CLANG_WARN_BOOL_CONVERSION = YES;
				CLANG_WARN_COMMA = YES;
				CLANG_WARN_CONSTANT_CONVERSION = YES;
				CLANG_WARN_DEPRECATED_OBJC_IMPLEMENTATIONS = YES;
				CLANG_WARN_DIRECT_OBJC_ISA_USAGE = YES_ERROR;
				CLANG_WARN_DOCUMENTATION_COMMENTS = YES;
				CLANG_WARN_EMPTY_BODY = YES;
				CLANG_WARN_ENUM_CONVERSION = YES;
				CLANG_WARN_INFINITE_RECURSION = YES;
				CLANG_WARN_INT_CONVERSION = YES;
				CLANG_WARN_NON_LITERAL_NULL_CONVERSION = YES;
				CLANG_WARN_OBJC_IMPLICIT_RETAIN_SELF = YES;
				CLANG_WARN_OBJC_LITERAL_CONVERSION = YES;
				CLANG_WARN_OBJC_ROOT_CLASS = YES_ERROR;
				CLANG_WARN_QUOTED_INCLUDE_IN_FRAMEWORK_HEADER = YES;
				CLANG_WARN_RANGE_LOOP_ANALYSIS = YES;
				CLANG_WARN_STRICT_PROTOTYPES = YES;
				CLANG_WARN_SUSPICIOUS_MOVE = YES;
				CLANG_WARN_UNGUARDED_AVAILABILITY = YES_AGGRESSIVE;
				CLANG_WARN_UNREACHABLE_CODE = YES;
				CLANG_WARN__DUPLICATE_METHOD_MATCH = YES;
				COPY_PHASE_STRIP = NO;
				DEBUG_INFORMATION_FORMAT = dwarf;
				ENABLE_STRICT_OBJC_MSGSEND = YES;
				ENABLE_TESTABILITY = YES;
				GCC_C_LANGUAGE_STANDARD = gnu11;
				GCC_DYNAMIC_NO_PIC = NO;
				GCC_NO_COMMON_BLOCKS = YES;
				GCC_OPTIMIZATION_LEVEL = 0;
				GCC_PREPROCESSOR_DEFINITIONS = (
					"DEBUG=1",
					"$(inherited)",
				);
				GCC_WARN_64_TO_32_BIT_CONVERSION = YES;
				GCC_WARN_ABOUT_RETURN_TYPE = YES_ERROR;
				GCC_WARN_UNDECLARED_SELECTOR = YES;
				GCC_WARN_UNINITIALIZED_AUTOS = YES_AGGRESSIVE;
				GCC_WARN_UNUSED_FUNCTION = YES;
				GCC_WARN_UNUSED_VARIABLE = YES;
				IPHONEOS_DEPLOYMENT_TARGET = 15.5;
				MTL_ENABLE_DEBUG_INFO = INCLUDE_SOURCE;
				MTL_FAST_MATH = YES;
				ONLY_ACTIVE_ARCH = YES;
				SDKROOT = iphoneos;
				SWIFT_ACTIVE_COMPILATION_CONDITIONS = DEBUG;
				SWIFT_OPTIMIZATION_LEVEL = "-Onone";
			};
			name = Debug;
		};
		CAEE6FD928CFACD2007AA493 /* Release */ = {
			isa = XCBuildConfiguration;
			buildSettings = {
				ALWAYS_SEARCH_USER_PATHS = NO;
				CLANG_ANALYZER_NONNULL = YES;
				CLANG_ANALYZER_NUMBER_OBJECT_CONVERSION = YES_AGGRESSIVE;
				CLANG_CXX_LANGUAGE_STANDARD = "gnu++17";
				CLANG_ENABLE_MODULES = YES;
				CLANG_ENABLE_OBJC_ARC = YES;
				CLANG_ENABLE_OBJC_WEAK = YES;
				CLANG_WARN_BLOCK_CAPTURE_AUTORELEASING = YES;
				CLANG_WARN_BOOL_CONVERSION = YES;
				CLANG_WARN_COMMA = YES;
				CLANG_WARN_CONSTANT_CONVERSION = YES;
				CLANG_WARN_DEPRECATED_OBJC_IMPLEMENTATIONS = YES;
				CLANG_WARN_DIRECT_OBJC_ISA_USAGE = YES_ERROR;
				CLANG_WARN_DOCUMENTATION_COMMENTS = YES;
				CLANG_WARN_EMPTY_BODY = YES;
				CLANG_WARN_ENUM_CONVERSION = YES;
				CLANG_WARN_INFINITE_RECURSION = YES;
				CLANG_WARN_INT_CONVERSION = YES;
				CLANG_WARN_NON_LITERAL_NULL_CONVERSION = YES;
				CLANG_WARN_OBJC_IMPLICIT_RETAIN_SELF = YES;
				CLANG_WARN_OBJC_LITERAL_CONVERSION = YES;
				CLANG_WARN_OBJC_ROOT_CLASS = YES_ERROR;
				CLANG_WARN_QUOTED_INCLUDE_IN_FRAMEWORK_HEADER = YES;
				CLANG_WARN_RANGE_LOOP_ANALYSIS = YES;
				CLANG_WARN_STRICT_PROTOTYPES = YES;
				CLANG_WARN_SUSPICIOUS_MOVE = YES;
				CLANG_WARN_UNGUARDED_AVAILABILITY = YES_AGGRESSIVE;
				CLANG_WARN_UNREACHABLE_CODE = YES;
				CLANG_WARN__DUPLICATE_METHOD_MATCH = YES;
				COPY_PHASE_STRIP = NO;
				DEBUG_INFORMATION_FORMAT = "dwarf-with-dsym";
				ENABLE_NS_ASSERTIONS = NO;
				ENABLE_STRICT_OBJC_MSGSEND = YES;
				GCC_C_LANGUAGE_STANDARD = gnu11;
				GCC_NO_COMMON_BLOCKS = YES;
				GCC_WARN_64_TO_32_BIT_CONVERSION = YES;
				GCC_WARN_ABOUT_RETURN_TYPE = YES_ERROR;
				GCC_WARN_UNDECLARED_SELECTOR = YES;
				GCC_WARN_UNINITIALIZED_AUTOS = YES_AGGRESSIVE;
				GCC_WARN_UNUSED_FUNCTION = YES;
				GCC_WARN_UNUSED_VARIABLE = YES;
				IPHONEOS_DEPLOYMENT_TARGET = 15.5;
				MTL_ENABLE_DEBUG_INFO = NO;
				MTL_FAST_MATH = YES;
				SDKROOT = iphoneos;
				SWIFT_COMPILATION_MODE = wholemodule;
				SWIFT_OPTIMIZATION_LEVEL = "-O";
				VALIDATE_PRODUCT = YES;
			};
			name = Release;
		};
		CAEE6FDB28CFACD2007AA493 /* Debug */ = {
			isa = XCBuildConfiguration;
			buildSettings = {
				ASSETCATALOG_COMPILER_APPICON_NAME = AppIcon;
				ASSETCATALOG_COMPILER_GLOBAL_ACCENT_COLOR_NAME = AccentColor;
				CODE_SIGN_STYLE = Automatic;
				CURRENT_PROJECT_VERSION = 1;
				DEVELOPMENT_TEAM = CMWHQAT5B4;
				GENERATE_INFOPLIST_FILE = YES;
				INFOPLIST_FILE = Receitinha/Info.plist;
				INFOPLIST_KEY_UIApplicationSupportsIndirectInputEvents = YES;
				INFOPLIST_KEY_UILaunchStoryboardName = LaunchScreen;
				INFOPLIST_KEY_UISupportedInterfaceOrientations_iPad = "UIInterfaceOrientationPortrait UIInterfaceOrientationPortraitUpsideDown UIInterfaceOrientationLandscapeLeft UIInterfaceOrientationLandscapeRight";
				INFOPLIST_KEY_UISupportedInterfaceOrientations_iPhone = "UIInterfaceOrientationPortrait UIInterfaceOrientationLandscapeLeft UIInterfaceOrientationLandscapeRight";
				LD_RUNPATH_SEARCH_PATHS = (
					"$(inherited)",
					"@executable_path/Frameworks",
				);
				MARKETING_VERSION = 1.0;
				PRODUCT_BUNDLE_IDENTIFIER = br.ufpe.cin.academy.gfrm.Receitinha;
				PRODUCT_NAME = "$(TARGET_NAME)";
				SWIFT_EMIT_LOC_STRINGS = YES;
				SWIFT_VERSION = 5.0;
				TARGETED_DEVICE_FAMILY = "1,2";
			};
			name = Debug;
		};
		CAEE6FDC28CFACD2007AA493 /* Release */ = {
			isa = XCBuildConfiguration;
			buildSettings = {
				ASSETCATALOG_COMPILER_APPICON_NAME = AppIcon;
				ASSETCATALOG_COMPILER_GLOBAL_ACCENT_COLOR_NAME = AccentColor;
				CODE_SIGN_STYLE = Automatic;
				CURRENT_PROJECT_VERSION = 1;
				DEVELOPMENT_TEAM = CMWHQAT5B4;
				GENERATE_INFOPLIST_FILE = YES;
				INFOPLIST_FILE = Receitinha/Info.plist;
				INFOPLIST_KEY_UIApplicationSupportsIndirectInputEvents = YES;
				INFOPLIST_KEY_UILaunchStoryboardName = LaunchScreen;
				INFOPLIST_KEY_UISupportedInterfaceOrientations_iPad = "UIInterfaceOrientationPortrait UIInterfaceOrientationPortraitUpsideDown UIInterfaceOrientationLandscapeLeft UIInterfaceOrientationLandscapeRight";
				INFOPLIST_KEY_UISupportedInterfaceOrientations_iPhone = "UIInterfaceOrientationPortrait UIInterfaceOrientationLandscapeLeft UIInterfaceOrientationLandscapeRight";
				LD_RUNPATH_SEARCH_PATHS = (
					"$(inherited)",
					"@executable_path/Frameworks",
				);
				MARKETING_VERSION = 1.0;
				PRODUCT_BUNDLE_IDENTIFIER = br.ufpe.cin.academy.gfrm.Receitinha;
				PRODUCT_NAME = "$(TARGET_NAME)";
				SWIFT_EMIT_LOC_STRINGS = YES;
				SWIFT_VERSION = 5.0;
				TARGETED_DEVICE_FAMILY = "1,2";
			};
			name = Release;
		};
/* End XCBuildConfiguration section */

/* Begin XCConfigurationList section */
		CAEE6FC128CFACD1007AA493 /* Build configuration list for PBXProject "Receitinha" */ = {
			isa = XCConfigurationList;
			buildConfigurations = (
				CAEE6FD828CFACD2007AA493 /* Debug */,
				CAEE6FD928CFACD2007AA493 /* Release */,
			);
			defaultConfigurationIsVisible = 0;
			defaultConfigurationName = Release;
		};
		CAEE6FDA28CFACD2007AA493 /* Build configuration list for PBXNativeTarget "Receitinha" */ = {
			isa = XCConfigurationList;
			buildConfigurations = (
				CAEE6FDB28CFACD2007AA493 /* Debug */,
				CAEE6FDC28CFACD2007AA493 /* Release */,
			);
			defaultConfigurationIsVisible = 0;
			defaultConfigurationName = Release;
		};
/* End XCConfigurationList section */
	};
	rootObject = CAEE6FBE28CFACD1007AA493 /* Project object */;
}
